{
  "version": 4,
  "terraform_version": "1.14.1",
  "serial": 23,
  "lineage": "732184ef-e5e7-2821-be1f-203c28568bc8",
  "outputs": {
    "eks_cluster_endpoint": {
      "value": "https://A1E695E343AD5004D47DDC0FDF499833.gr7.us-west-2.eks.amazonaws.com",
      "type": "string"
    },
    "eks_cluster_name": {
      "value": "ecommerce-cluster",
      "type": "string"
    },
    "eks_kubeconfig_command": {
      "value": "aws eks update-kubeconfig --region us-west-2 --name ecommerce-cluster",
      "type": "string"
    },
    "jenkins_public_ip": {
      "value": "44.239.49.7",
      "type": "string"
    },
    "jenkins_url": {
      "value": "http://44.239.49.7:8080",
      "type": "string"
    }
  },
  "resources": [
    {
      "mode": "data",
      "type": "aws_ami",
      "name": "amazon_linux_2023",
      "provider": "provider[\"registry.terraform.io/hashicorp/aws\"]",
      "instances": [
        {
          "schema_version": 0,
          "attributes": {
            "allow_unsafe_filter": null,
            "architecture": "x86_64",
            "arn": "arn:aws:ec2:us-west-2::image/ami-0e9e60f4859f1220f",
            "block_device_mappings": [
              {
                "device_name": "/dev/xvda",
                "ebs": {
                  "delete_on_termination": "true",
                  "encrypted": "false",
                  "iops": "3000",
                  "snapshot_id": "snap-0b4c05289e78355b8",
                  "throughput": "125",
                  "volume_initialization_rate": "0",
                  "volume_size": "30",
                  "volume_type": "gp3"
                },
                "no_device": "",
                "virtual_name": ""
              }
            ],
            "boot_mode": "uefi-preferred",
            "creation_date": "2026-03-30T21:40:34.000Z",
            "deprecation_time": "2028-03-30T21:40:34.000Z",
            "description": "Amazon Linux AMI 2023.0.20260330 x86_64 ECS HVM EBS",
            "ena_support": true,
            "executable_users": null,
            "filter": [
              {
                "name": "name",
                "values": [
                  "al2023-ami-*-x86_64"
                ]
              },
              {
                "name": "virtualization-type",
                "values": [
                  "hvm"
                ]
              }
            ],
            "hypervisor": "xen",
            "id": "ami-0e9e60f4859f1220f",
            "image_id": "ami-0e9e60f4859f1220f",
            "image_location": "amazon/al2023-ami-ecs-neuron-hvm-2023.0.20260330-kernel-6.1-x86_64",
            "image_owner_alias": "amazon",
            "image_type": "machine",
            "imds_support": "v2.0",
            "include_deprecated": false,
            "kernel_id": "",
            "last_launched_time": "",
            "most_recent": true,
            "name": "al2023-ami-ecs-neuron-hvm-2023.0.20260330-kernel-6.1-x86_64",
            "name_regex": null,
            "owner_id": "591542846629",
            "owners": [
              "amazon"
            ],
            "platform": "",
            "platform_details": "Linux/UNIX",
            "product_codes": [],
            "public": true,
            "ramdisk_id": "",
            "region": "us-west-2",
            "root_device_name": "/dev/xvda",
            "root_device_type": "ebs",
            "root_snapshot_id": "snap-0b4c05289e78355b8",
            "sriov_net_support": "simple",
            "state": "available",
            "state_reason": {
              "code": "UNSET",
              "message": "UNSET"
            },
            "tags": {},
            "timeouts": null,
            "tpm_support": "",
            "uefi_data": null,
            "usage_operation": "RunInstances",
            "virtualization_type": "hvm"
          },
          "sensitive_attributes": [],
          "identity_schema_version": 0
        }
      ]
    },
    {
      "mode": "managed",
      "type": "aws_eip",
      "name": "jenkins_eip",
      "provider": "provider[\"registry.terraform.io/hashicorp/aws\"]",
      "instances": [
        {
          "schema_version": 0,
          "attributes": {
            "address": null,
            "allocation_id": "eipalloc-0d8fc30908538e13c",
            "arn": "arn:aws:ec2:us-west-2:941948905001:elastic-ip/eipalloc-0d8fc30908538e13c",
            "associate_with_private_ip": null,
            "association_id": "eipassoc-0ac67fa2e99ba23e9",
            "carrier_ip": "",
            "customer_owned_ip": "",
            "customer_owned_ipv4_pool": "",
            "domain": "vpc",
            "id": "eipalloc-0d8fc30908538e13c",
            "instance": "i-0ff5b1abc20ae6eb0",
            "ipam_pool_id": null,
            "network_border_group": "us-west-2",
            "network_interface": "eni-009eb466885852bdc",
            "private_dns": "ip-20-0-1-220.us-west-2.compute.internal",
            "private_ip": "20.0.1.220",
            "ptr_record": "",
            "public_dns": "ec2-44-239-49-7.us-west-2.compute.amazonaws.com",
            "public_ip": "44.239.49.7",
            "public_ipv4_pool": "amazon",
            "region": "us-west-2",
            "tags": {
              "Name": "jenkins-eip"
            },
            "tags_all": {
              "Name": "jenkins-eip"
            },
            "timeouts": null
          },
          "sensitive_attributes": [],
          "identity_schema_version": 0,
          "private": "eyJlMmJmYjczMC1lY2FhLTExZTYtOGY4OC0zNDM2M2JjN2M0YzAiOnsiZGVsZXRlIjoxODAwMDAwMDAwMDAsInJlYWQiOjkwMDAwMDAwMDAwMCwidXBkYXRlIjozMDAwMDAwMDAwMDB9fQ==",
          "dependencies": [
            "aws_iam_instance_profile.jenkins_profile",
            "aws_iam_role.jenkins_role",
            "aws_instance.jenkins",
            "aws_security_group.jenkins_sg",
            "data.aws_ami.amazon_linux_2023"
          ]
        }
      ]
    },
    {
      "mode": "managed",
      "type": "aws_eks_cluster",
      "name": "eks",
      "provider": "provider[\"registry.terraform.io/hashicorp/aws\"]",
      "instances": [
        {
          "schema_version": 1,
          "attributes": {
            "access_config": [
              {
                "authentication_mode": "CONFIG_MAP",
                "bootstrap_cluster_creator_admin_permissions": true
              }
            ],
            "arn": "arn:aws:eks:us-west-2:941948905001:cluster/ecommerce-cluster",
            "bootstrap_self_managed_addons": true,
            "certificate_authority": [
              {
                "data": "LS0tLS1CRUdJTiBDRVJUSUZJQ0FURS0tLS0tCk1JSURCVENDQWUyZ0F3SUJBZ0lJRXdrcUdZbDFyQzR3RFFZSktvWklodmNOQVFFTEJRQXdGVEVUTUJFR0ExVUUKQXhNS2EzVmlaWEp1WlhSbGN6QWVGdzB5TmpBME1EUXdOek0xTVRCYUZ3MHpOakEwTURFd056UXdNVEJhTUJVeApFekFSQmdOVkJBTVRDbXQxWW1WeWJtVjBaWE13Z2dFaU1BMEdDU3FHU0liM0RRRUJBUVVBQTRJQkR3QXdnZ0VLCkFvSUJBUURYTjR3eHpaREF1NGlhV0I3cXB4YTJJSnRCY3FLZWVPelN6dm9nUjhTUlUrMFBBb1lBNHppc3U1Q0UKTElncFo3bG9WQTBKUnpSVGMvOW9IaFZ6WUt6RHFWWmJod2JqeUc4b3V4UUcyTllyZTJ1Q25QZGV5Nklkb01BegpCNnZyWHA1dmtVVm9Md05rbWFaSE5Tclo2ajZpbzg0ZVEwVDhSeEkxOVNOcjZscjBVeUdEVFNWNldxdWQrV0FHClJKQ090TnVkaUlLWFZjMnpzQ0pUZUlSRG94NFMramd0OUNYMnVJc04xQ2E0UGk5VVpUTUZ6eFY4WGtnM0o4TlQKSTBSS20vQUMyQnV3bWJPdUpqUnJFRlNHVHI5UFFvT3laYUNBVGpmQ29hbWR3RWwvT2pWL0k2bUFDcnJMZmFuSwpuQ0VFek5jVFZCOFlzb0pPK3ZENUN0SU1FeWpGQWdNQkFBR2pXVEJYTUE0R0ExVWREd0VCL3dRRUF3SUNwREFQCkJnTlZIUk1CQWY4RUJUQURBUUgvTUIwR0ExVWREZ1FXQkJSdUxSSEhORWVIaHlhUVJNUGFpUEd3SVJhTHZ6QVYKQmdOVkhSRUVEakFNZ2dwcmRXSmxjbTVsZEdWek1BMEdDU3FHU0liM0RRRUJDd1VBQTRJQkFRQXBwdEVsOFJ2YQorNzJxWno0RVNzRnNjTUhkOEhPTHp4eS8vZDlUYUNJMG1ZME83UXhMdXRYZjBuWDdiS0NtVGNzVXJFQmJTTGRXCis1OExwaWVFRTlTZ0U5N0hNaElnd3MzU0Z4UE9DQjdqSjN3c0J6RDRxQ1FBUUNyNzMyelJlR1AzS25UTlRlYjcKTnhlOEhzYlE4ODVLc3NLV0dXcnkyTE00ODJyWlRYOEZJMVpLa05NV3B0ejc1REQ4Z2NGMGlvWFhIOEtvSzMwQgpCZHJQc2RaM0lNbkxIUUJLWWpOOHVyRlBqR1BGUWtVb0dMRUF2b20vdVU1bzd3RGcyaW9vc2VsTFVLWEJoM2xHCnJpMWhtVkM2T0dHclB2TDhaZGs2R2ZmZW9KV1FzM3ZyaGV3UjNTSEFpcXhJS1hBRG82WEZCR2VGRzJPNkc4V0oKUHJ2dGRpTllCWW51Ci0tLS0tRU5EIENFUlRJRklDQVRFLS0tLS0K"
              }
            ],
            "cluster_id": null,
            "compute_config": [
              {
                "enabled": false,
                "node_pools": [],
                "node_role_arn": ""
              }
            ],
            "control_plane_scaling_config": [
              {
                "tier": "standard"
              }
            ],
            "created_at": "2026-04-04T07:35:31Z",
            "deletion_protection": false,
            "enabled_cluster_log_types": [],
            "encryption_config": [],
            "endpoint": "https://A1E695E343AD5004D47DDC0FDF499833.gr7.us-west-2.eks.amazonaws.com",
            "force_update_version": null,
            "id": "ecommerce-cluster",
            "identity": [
              {
                "oidc": [
                  {
                    "issuer": "https://oidc.eks.us-west-2.amazonaws.com/id/A1E695E343AD5004D47DDC0FDF499833"
                  }
                ]
              }
            ],
            "kubernetes_network_config": [
              {
                "elastic_load_balancing": [
                  {
                    "enabled": false
                  }
                ],
                "ip_family": "ipv4",
                "service_ipv4_cidr": "10.100.0.0/16",
                "service_ipv6_cidr": ""
              }
            ],
            "name": "ecommerce-cluster",
            "outpost_config": [],
            "platform_version": "eks.19",
            "region": "us-west-2",
            "remote_network_config": [],
            "role_arn": "arn:aws:iam::941948905001:role/eks-cluster-role",
            "status": "ACTIVE",
            "storage_config": [
              {
                "block_storage": [
                  {
                    "enabled": false
                  }
                ]
              }
            ],
            "tags": {},
            "tags_all": {},
            "timeouts": null,
            "upgrade_policy": [
              {
                "support_type": "EXTENDED"
              }
            ],
            "version": "1.34",
            "vpc_config": [
              {
                "cluster_security_group_id": "sg-0cbbd486d61a521fe",
                "endpoint_private_access": true,
                "endpoint_public_access": true,
                "public_access_cidrs": [
                  "0.0.0.0/0"
                ],
                "security_group_ids": [
                  "sg-0d276f044fae943f5"
                ],
                "subnet_ids": [
                  "subnet-05afe4a2c8fa465dd",
                  "subnet-0e0ae11cab0d4a25d"
                ],
                "vpc_id": "vpc-06bec4472137da9cb"
              }
            ],
            "zonal_shift_config": []
          },
          "sensitive_attributes": [],
          "identity_schema_version": 0,
          "identity": {
            "account_id": "941948905001",
            "name": "ecommerce-cluster",
            "region": "us-west-2"
          },
          "private": "eyJlMmJmYjczMC1lY2FhLTExZTYtOGY4OC0zNDM2M2JjN2M0YzAiOnsiY3JlYXRlIjoxODAwMDAwMDAwMDAwLCJkZWxldGUiOjkwMDAwMDAwMDAwMCwidXBkYXRlIjozNjAwMDAwMDAwMDAwfSwic2NoZW1hX3ZlcnNpb24iOiIxIn0=",
          "dependencies": [
            "aws_iam_role.eks_cluster_role",
            "aws_iam_role_policy_attachment.eks_cluster_policy",
            "aws_security_group.eks_cluster_sg"
          ]
        }
      ]
    },
    {
      "mode": "managed",
      "type": "aws_eks_node_group",
      "name": "app_nodes",
      "provider": "provider[\"registry.terraform.io/hashicorp/aws\"]",
      "instances": [
        {
          "schema_version": 0,
          "attributes": {
            "ami_type": "AL2023_x86_64_STANDARD",
            "arn": "arn:aws:eks:us-west-2:941948905001:nodegroup/ecommerce-cluster/ecommerce-app-nodes/12ceabb9-cb30-b954-85e9-165786ccb0e8",
            "capacity_type": "ON_DEMAND",
            "cluster_name": "ecommerce-cluster",
            "disk_size": 20,
            "force_update_version": null,
            "id": "ecommerce-cluster:ecommerce-app-nodes",
            "instance_types": [
              "c7i-flex.large"
            ],
            "labels": {
              "environment": "production",
              "workload-type": "application"
            },
            "launch_template": [],
            "node_group_name": "ecommerce-app-nodes",
            "node_group_name_prefix": "",
            "node_repair_config": [],
            "node_role_arn": "arn:aws:iam::941948905001:role/eks-node-role",
            "region": "us-west-2",
            "release_version": "1.34.4-20260318",
            "remote_access": [
              {
                "ec2_ssh_key": "tata-key",
                "source_security_group_ids": [
                  "sg-00a0775a6327227a1"
                ]
              }
            ],
            "resources": [
              {
                "autoscaling_groups": [
                  {
                    "name": "eks-ecommerce-app-nodes-12ceabb9-cb30-b954-85e9-165786ccb0e8"
                  }
                ],
                "remote_access_security_group_id": "sg-059bcfb682976b191"
              }
            ],
            "scaling_config": [
              {
                "desired_size": 2,
                "max_size": 4,
                "min_size": 2
              }
            ],
            "status": "ACTIVE",
            "subnet_ids": [
              "subnet-05afe4a2c8fa465dd",
              "subnet-0e0ae11cab0d4a25d"
            ],
            "tags": {},
            "tags_all": {},
            "taint": [],
            "timeouts": null,
            "update_config": [
              {
                "max_unavailable": 1,
                "max_unavailable_percentage": 0,
                "update_strategy": ""
              }
            ],
            "version": "1.34"
          },
          "sensitive_attributes": [],
          "identity_schema_version": 0,
          "private": "eyJlMmJmYjczMC1lY2FhLTExZTYtOGY4OC0zNDM2M2JjN2M0YzAiOnsiY3JlYXRlIjozNjAwMDAwMDAwMDAwLCJkZWxldGUiOjM2MDAwMDAwMDAwMDAsInVwZGF0ZSI6MzYwMDAwMDAwMDAwMH19",
          "dependencies": [
            "aws_eks_cluster.eks",
            "aws_iam_role.eks_cluster_role",
            "aws_iam_role.eks_node_role",
            "aws_iam_role_policy_attachment.ecr_readonly_policy",
            "aws_iam_role_policy_attachment.eks_cluster_policy",
            "aws_iam_role_policy_attachment.eks_cni_policy",
            "aws_iam_role_policy_attachment.eks_worker_node_policy",
            "aws_security_group.eks_cluster_sg",
            "aws_security_group.eks_node_sg"
          ]
        }
      ]
    },
    {
      "mode": "managed",
      "type": "aws_eks_node_group",
      "name": "db_nodes",
      "provider": "provider[\"registry.terraform.io/hashicorp/aws\"]",
      "instances": [
        {
          "schema_version": 0,
          "attributes": {
            "ami_type": "AL2023_x86_64_STANDARD",
            "arn": "arn:aws:eks:us-west-2:941948905001:nodegroup/ecommerce-cluster/ecommerce-db-nodes/82ceabb9-cb35-83c4-b895-71dc36fb48bd",
            "capacity_type": "ON_DEMAND",
            "cluster_name": "ecommerce-cluster",
            "disk_size": 20,
            "force_update_version": null,
            "id": "ecommerce-cluster:ecommerce-db-nodes",
            "instance_types": [
              "c7i-flex.large"
            ],
            "labels": {
              "environment": "production",
              "workload-type": "database"
            },
            "launch_template": [],
            "node_group_name": "ecommerce-db-nodes",
            "node_group_name_prefix": "",
            "node_repair_config": [],
            "node_role_arn": "arn:aws:iam::941948905001:role/eks-node-role",
            "region": "us-west-2",
            "release_version": "1.34.4-20260318",
            "remote_access": [
              {
                "ec2_ssh_key": "tata-key",
                "source_security_group_ids": [
                  "sg-00a0775a6327227a1"
                ]
              }
            ],
            "resources": [
              {
                "autoscaling_groups": [
                  {
                    "name": "eks-ecommerce-db-nodes-82ceabb9-cb35-83c4-b895-71dc36fb48bd"
                  }
                ],
                "remote_access_security_group_id": "sg-0c5b83b7fce24a213"
              }
            ],
            "scaling_config": [
              {
                "desired_size": 2,
                "max_size": 4,
                "min_size": 2
              }
            ],
            "status": "ACTIVE",
            "subnet_ids": [
              "subnet-0607c4649ed0a577a",
              "subnet-084e53ce4bea19402"
            ],
            "tags": {},
            "tags_all": {},
            "taint": [
              {
                "effect": "NO_SCHEDULE",
                "key": "dedicated",
                "value": "database"
              }
            ],
            "timeouts": null,
            "update_config": [
              {
                "max_unavailable": 1,
                "max_unavailable_percentage": 0,
                "update_strategy": ""
              }
            ],
            "version": "1.34"
          },
          "sensitive_attributes": [],
          "identity_schema_version": 0,
          "private": "eyJlMmJmYjczMC1lY2FhLTExZTYtOGY4OC0zNDM2M2JjN2M0YzAiOnsiY3JlYXRlIjozNjAwMDAwMDAwMDAwLCJkZWxldGUiOjM2MDAwMDAwMDAwMDAsInVwZGF0ZSI6MzYwMDAwMDAwMDAwMH19",
          "dependencies": [
            "aws_eks_cluster.eks",
            "aws_iam_role.eks_cluster_role",
            "aws_iam_role.eks_node_role",
            "aws_iam_role_policy_attachment.ecr_readonly_policy",
            "aws_iam_role_policy_attachment.eks_cluster_policy",
            "aws_iam_role_policy_attachment.eks_cni_policy",
            "aws_iam_role_policy_attachment.eks_worker_node_policy",
            "aws_security_group.eks_cluster_sg",
            "aws_security_group.eks_node_sg"
          ]
        }
      ]
    },
    {
      "mode": "managed",
      "type": "aws_iam_instance_profile",
      "name": "jenkins_profile",
      "provider": "provider[\"registry.terraform.io/hashicorp/aws\"]",
      "instances": [
        {
          "schema_version": 0,
          "attributes": {
            "arn": "arn:aws:iam::941948905001:instance-profile/jenkins-ec2-profile",
            "create_date": "2026-04-04T07:35:25Z",
            "id": "jenkins-ec2-profile",
            "name": "jenkins-ec2-profile",
            "name_prefix": "",
            "path": "/",
            "role": "jenkins-ec2-role",
            "tags": {},
            "tags_all": {},
            "unique_id": "AIPA5WUEHUYU4XMH56XZX"
          },
          "sensitive_attributes": [],
          "identity_schema_version": 0,
          "private": "bnVsbA==",
          "dependencies": [
            "aws_iam_role.jenkins_role"
          ]
        }
      ]
    },
    {
      "mode": "managed",
      "type": "aws_iam_role",
      "name": "eks_cluster_role",
      "provider": "provider[\"registry.terraform.io/hashicorp/aws\"]",
      "instances": [
        {
          "schema_version": 0,
          "attributes": {
            "arn": "arn:aws:iam::941948905001:role/eks-cluster-role",
            "assume_role_policy": "{\"Statement\":[{\"Action\":\"sts:AssumeRole\",\"Effect\":\"Allow\",\"Principal\":{\"Service\":\"eks.amazonaws.com\"}}],\"Version\":\"2012-10-17\"}",
            "create_date": "2026-04-04T07:35:24Z",
            "description": "",
            "force_detach_policies": false,
            "id": "eks-cluster-role",
            "inline_policy": [],
            "managed_policy_arns": [
              "arn:aws:iam::aws:policy/AmazonEKSClusterPolicy"
            ],
            "max_session_duration": 3600,
            "name": "eks-cluster-role",
            "name_prefix": "",
            "path": "/",
            "permissions_boundary": "",
            "tags": {},
            "tags_all": {},
            "unique_id": "AROA5WUEHUYUY42ZQ4KMN"
          },
          "sensitive_attributes": [],
          "identity_schema_version": 0,
          "identity": {
            "account_id": "941948905001",
            "name": "eks-cluster-role"
          },
          "private": "bnVsbA=="
        }
      ]
    },
    {
      "mode": "managed",
      "type": "aws_iam_role",
      "name": "eks_node_role",
      "provider": "provider[\"registry.terraform.io/hashicorp/aws\"]",
      "instances": [
        {
          "schema_version": 0,
          "attributes": {
            "arn": "arn:aws:iam::941948905001:role/eks-node-role",
            "assume_role_policy": "{\"Statement\":[{\"Action\":\"sts:AssumeRole\",\"Effect\":\"Allow\",\"Principal\":{\"Service\":\"ec2.amazonaws.com\"}}],\"Version\":\"2012-10-17\"}",
            "create_date": "2026-04-04T07:35:24Z",
            "description": "",
            "force_detach_policies": false,
            "id": "eks-node-role",
            "inline_policy": [],
            "managed_policy_arns": [
              "arn:aws:iam::aws:policy/AmazonEC2ContainerRegistryReadOnly",
              "arn:aws:iam::aws:policy/AmazonEKSWorkerNodePolicy",
              "arn:aws:iam::aws:policy/AmazonEKS_CNI_Policy"
            ],
            "max_session_duration": 3600,
            "name": "eks-node-role",
            "name_prefix": "",
            "path": "/",
            "permissions_boundary": "",
            "tags": {},
            "tags_all": {},
            "unique_id": "AROA5WUEHUYUYKZ465JEG"
          },
          "sensitive_attributes": [],
          "identity_schema_version": 0,
          "identity": {
            "account_id": "941948905001",
            "name": "eks-node-role"
          },
          "private": "bnVsbA=="
        }
      ]
    },
    {
      "mode": "managed",
      "type": "aws_iam_role",
      "name": "jenkins_role",
      "provider": "provider[\"registry.terraform.io/hashicorp/aws\"]",
      "instances": [
        {
          "schema_version": 0,
          "attributes": {
            "arn": "arn:aws:iam::941948905001:role/jenkins-ec2-role",
            "assume_role_policy": "{\"Statement\":[{\"Action\":\"sts:AssumeRole\",\"Effect\":\"Allow\",\"Principal\":{\"Service\":\"ec2.amazonaws.com\"}}],\"Version\":\"2012-10-17\"}",
            "create_date": "2026-04-04T07:35:24Z",
            "description": "",
            "force_detach_policies": false,
            "id": "jenkins-ec2-role",
            "inline_policy": [
              {
                "name": "jenkins-policy",
                "policy": "{\"Version\":\"2012-10-17\",\"Statement\":[{\"Action\":[\"eks:DescribeCluster\",\"eks:ListClusters\",\"eks:AccessKubernetesApi\"],\"Effect\":\"Allow\",\"Resource\":\"*\"}]}"
              }
            ],
            "managed_policy_arns": [],
            "max_session_duration": 3600,
            "name": "jenkins-ec2-role",
            "name_prefix": "",
            "path": "/",
            "permissions_boundary": "",
            "tags": {
              "Name": "jenkins-ec2-role"
            },
            "tags_all": {
              "Name": "jenkins-ec2-role"
            },
            "unique_id": "AROA5WUEHUYU3LDLG32YI"
          },
          "sensitive_attributes": [],
          "identity_schema_version": 0,
          "identity": {
            "account_id": "941948905001",
            "name": "jenkins-ec2-role"
          },
          "private": "bnVsbA=="
        }
      ]
    },
    {
      "mode": "managed",
      "type": "aws_iam_role_policy",
      "name": "jenkins_policy",
      "provider": "provider[\"registry.terraform.io/hashicorp/aws\"]",
      "instances": [
        {
          "schema_version": 0,
          "attributes": {
            "id": "jenkins-ec2-role:jenkins-policy",
            "name": "jenkins-policy",
            "name_prefix": "",
            "policy": "{\"Version\":\"2012-10-17\",\"Statement\":[{\"Action\":[\"eks:DescribeCluster\",\"eks:ListClusters\",\"eks:AccessKubernetesApi\"],\"Effect\":\"Allow\",\"Resource\":\"*\"}]}",
            "role": "jenkins-ec2-role"
          },
          "sensitive_attributes": [],
          "identity_schema_version": 0,
          "identity": {
            "account_id": "941948905001",
            "name": "jenkins-policy",
            "role": "jenkins-ec2-role"
          },
          "private": "bnVsbA==",
          "dependencies": [
            "aws_iam_role.jenkins_role"
          ]
        }
      ]
    },
    {
      "mode": "managed",
      "type": "aws_iam_role_policy_attachment",
      "name": "ecr_readonly_policy",
      "provider": "provider[\"registry.terraform.io/hashicorp/aws\"]",
      "instances": [
        {
          "schema_version": 0,
          "attributes": {
            "id": "eks-node-role/arn:aws:iam::aws:policy/AmazonEC2ContainerRegistryReadOnly",
            "policy_arn": "arn:aws:iam::aws:policy/AmazonEC2ContainerRegistryReadOnly",
            "role": "eks-node-role"
          },
          "sensitive_attributes": [],
          "identity_schema_version": 0,
          "identity": {
            "account_id": "941948905001",
            "policy_arn": "arn:aws:iam::aws:policy/AmazonEC2ContainerRegistryReadOnly",
            "role": "eks-node-role"
          },
          "private": "bnVsbA==",
          "dependencies": [
            "aws_iam_role.eks_node_role"
          ]
        }
      ]
    },
    {
      "mode": "managed",
      "type": "aws_iam_role_policy_attachment",
      "name": "eks_cluster_policy",
      "provider": "provider[\"registry.terraform.io/hashicorp/aws\"]",
      "instances": [
        {
          "schema_version": 0,
          "attributes": {
            "id": "eks-cluster-role/arn:aws:iam::aws:policy/AmazonEKSClusterPolicy",
            "policy_arn": "arn:aws:iam::aws:policy/AmazonEKSClusterPolicy",
            "role": "eks-cluster-role"
          },
          "sensitive_attributes": [],
          "identity_schema_version": 0,
          "identity": {
            "account_id": "941948905001",
            "policy_arn": "arn:aws:iam::aws:policy/AmazonEKSClusterPolicy",
            "role": "eks-cluster-role"
          },
          "private": "bnVsbA==",
          "dependencies": [
            "aws_iam_role.eks_cluster_role"
          ]
        }
      ]
    },
    {
      "mode": "managed",
      "type": "aws_iam_role_policy_attachment",
      "name": "eks_cni_policy",
      "provider": "provider[\"registry.terraform.io/hashicorp/aws\"]",
      "instances": [
        {
          "schema_version": 0,
          "attributes": {
            "id": "eks-node-role/arn:aws:iam::aws:policy/AmazonEKS_CNI_Policy",
            "policy_arn": "arn:aws:iam::aws:policy/AmazonEKS_CNI_Policy",
            "role": "eks-node-role"
          },
          "sensitive_attributes": [],
          "identity_schema_version": 0,
          "identity": {
            "account_id": "941948905001",
            "policy_arn": "arn:aws:iam::aws:policy/AmazonEKS_CNI_Policy",
            "role": "eks-node-role"
          },
          "private": "bnVsbA==",
          "dependencies": [
            "aws_iam_role.eks_node_role"
          ]
        }
      ]
    },
    {
      "mode": "managed",
      "type": "aws_iam_role_policy_attachment",
      "name": "eks_worker_node_policy",
      "provider": "provider[\"registry.terraform.io/hashicorp/aws\"]",
      "instances": [
        {
          "schema_version": 0,
          "attributes": {
            "id": "eks-node-role/arn:aws:iam::aws:policy/AmazonEKSWorkerNodePolicy",
            "policy_arn": "arn:aws:iam::aws:policy/AmazonEKSWorkerNodePolicy",
            "role": "eks-node-role"
          },
          "sensitive_attributes": [],
          "identity_schema_version": 0,
          "identity": {
            "account_id": "941948905001",
            "policy_arn": "arn:aws:iam::aws:policy/AmazonEKSWorkerNodePolicy",
            "role": "eks-node-role"
          },
          "private": "bnVsbA==",
          "dependencies": [
            "aws_iam_role.eks_node_role"
          ]
        }
      ]
    },
    {
      "mode": "managed",
      "type": "aws_instance",
      "name": "jenkins",
      "provider": "provider[\"registry.terraform.io/hashicorp/aws\"]",
      "instances": [
        {
          "schema_version": 2,
          "attributes": {
            "ami": "ami-0e9e60f4859f1220f",
            "arn": "arn:aws:ec2:us-west-2:941948905001:instance/i-0ff5b1abc20ae6eb0",
            "associate_public_ip_address": true,
            "availability_zone": "us-west-2a",
            "capacity_reservation_specification": [
              {
                "capacity_reservation_preference": "open",
                "capacity_reservation_target": []
              }
            ],
            "cpu_options": [
              {
                "amd_sev_snp": "",
                "core_count": 1,
                "nested_virtualization": "",
                "threads_per_core": 2
              }
            ],
            "credit_specification": [],
            "disable_api_stop": false,
            "disable_api_termination": false,
            "ebs_block_device": [],
            "ebs_optimized": false,
            "enable_primary_ipv6": null,
            "enclave_options": [
              {
                "enabled": false
              }
            ],
            "ephemeral_block_device": [],
            "force_destroy": false,
            "get_password_data": false,
            "hibernation": false,
            "host_id": "",
            "host_resource_group_arn": null,
            "iam_instance_profile": "jenkins-ec2-profile",
            "id": "i-0ff5b1abc20ae6eb0",
            "instance_initiated_shutdown_behavior": "stop",
            "instance_lifecycle": "",
            "instance_market_options": [],
            "instance_state": "running",
            "instance_type": "m7i-flex.large",
            "ipv6_address_count": 0,
            "ipv6_addresses": [],
            "key_name": "tata-key",
            "launch_template": [],
            "maintenance_options": [
              {
                "auto_recovery": "default"
              }
            ],
            "metadata_options": [
              {
                "http_endpoint": "enabled",
                "http_protocol_ipv6": "disabled",
                "http_put_response_hop_limit": 2,
                "http_tokens": "required",
                "instance_metadata_tags": "disabled"
              }
            ],
            "monitoring": false,
            "network_interface": [],
            "outpost_arn": "",
            "password_data": "",
            "placement_group": "",
            "placement_group_id": "",
            "placement_partition_number": 0,
            "primary_network_interface": [
              {
                "delete_on_termination": true,
                "network_interface_id": "eni-009eb466885852bdc"
              }
            ],
            "primary_network_interface_id": "eni-009eb466885852bdc",
            "private_dns": "ip-20-0-1-220.us-west-2.compute.internal",
            "private_dns_name_options": [
              {
                "enable_resource_name_dns_a_record": false,
                "enable_resource_name_dns_aaaa_record": false,
                "hostname_type": "ip-name"
              }
            ],
            "private_ip": "20.0.1.220",
            "public_dns": "",
            "public_ip": "44.239.49.7",
            "region": "us-west-2",
            "root_block_device": [
              {
                "delete_on_termination": false,
                "device_name": "/dev/xvda",
                "encrypted": true,
                "iops": 3000,
                "kms_key_id": "arn:aws:kms:us-west-2:941948905001:key/df6b3ed7-4971-48e2-b299-b01f18088c45",
                "tags": {},
                "tags_all": {},
                "throughput": 125,
                "volume_id": "vol-05d5e96438537e42d",
                "volume_size": 30,
                "volume_type": "gp3"
              }
            ],
            "secondary_network_interface": [],
            "secondary_private_ips": [],
            "security_groups": [],
            "source_dest_check": true,
            "spot_instance_request_id": "",
            "subnet_id": "subnet-05afe4a2c8fa465dd",
            "tags": {
              "Environment": "production",
              "Name": "jenkins-server",
              "Role": "jenkins"
            },
            "tags_all": {
              "Environment": "production",
              "Name": "jenkins-server",
              "Role": "jenkins"
            },
            "tenancy": "default",
            "timeouts": null,
            "user_data": "#!/bin/bash\n# User Data Script for Jenkins Server (Master + Build Agent)\n# Amazon Linux 2023\n# Installs: Jenkins, Docker, AWS CLI, kubectl, Node.js, Trivy, Sonar Scanner\n# Runs: SonarQube (Docker), Nexus (Docker) for CI/CD pipeline\n# Region: us-west-2\nexec \u003e \u003e(tee /var/log/user-data.log) 2\u003e\u00261\n\necho \"========== Starting Jenkins Setup ==========\"\ndate\n\n# Update system\necho \"Updating system packages...\"\ndnf update -y\n\n# Install base dependencies\necho \"Installing base dependencies...\"\ndnf install -y wget curl unzip git yum-utils device-mapper-persistent-data lvm2 fontconfig\n\n#===============================================================================\n# Install Java\n#===============================================================================\necho \"Installing Java...\"\ndnf install -y java-17-amazon-corretto-devel\n\necho \"export JAVA_HOME=/usr/lib/jvm/java-17-amazon-corretto\" \u003e\u003e /etc/profile\necho 'export PATH=$JAVA_HOME/bin:$PATH' \u003e\u003e /etc/profile\nsource /etc/profile\n\njava -version\n\n#===============================================================================\n# Install Jenkins (WAR file method - works on Amazon Linux 2023)\n#===============================================================================\necho \"Installing Jenkins via WAR file...\"\n\n# Create directories and user\nmkdir -p /opt /var/lib/jenkins\nuseradd --system --create-home --home-dir /var/lib/jenkins jenkins 2\u003e/dev/null || true\n\n# Download Jenkins WAR\ncurl -L -o /opt/jenkins.war https://get.jenkins.io/war-stable/2.426.3/jenkins.war\nchown jenkins:jenkins /opt/jenkins.war\nchmod 755 /opt/jenkins.war\n\n# Create systemd service\ncat \u003e /etc/systemd/system/jenkins.service \u003c\u003c 'EOF'\n[Unit]\nDescription=Jenkins Server\nAfter=network.target\n\n[Service]\nType=simple\nUser=jenkins\nEnvironment=\"JAVA_HOME=/usr/lib/jvm/java-17-amazon-corretto\"\nEnvironment=\"JENKINS_HOME=/var/lib/jenkins\"\nWorkingDirectory=/var/lib/jenkins\nExecStart=/usr/lib/jvm/java-17-amazon-corretto/bin/java -jar /opt/jenkins.war --httpPort=8080\nRestart=always\nRestartSec=10\n\n[Install]\nWantedBy=multi-user.target\nEOF\n\n# Set permissions\nchown -R jenkins:jenkins /var/lib/jenkins\n\n# Create admin user and disable setup wizard\nmkdir -p /var/lib/jenkins/init.groovy.d\n\ncat \u003e /var/lib/jenkins/init.groovy.d/disable-setup-wizard.groovy \u003c\u003c 'EOF'\nimport jenkins.model.*\nimport jenkins.install.*\ndef instance = Jenkins.getInstance()\ninstance.setInstallState(InstallState.INITIAL_SETUP_COMPLETED)\ninstance.save()\nEOF\n\ncat \u003e /var/lib/jenkins/init.groovy.d/create-admin-user.groovy \u003c\u003c 'EOF'\nimport jenkins.model.*\nimport hudson.security.*\ndef instance = Jenkins.getInstance()\ndef hudsonRealm = new HudsonPrivateSecurityRealm(false)\ninstance.setSecurityRealm(hudsonRealm)\ndef user = hudsonRealm.createAccount(\"admin\", \"admin123\")\nuser.save()\ndef strategy = new FullControlOnceLoggedInAuthorizationStrategy()\ninstance.setAuthorizationStrategy(strategy)\ninstance.save()\nEOF\n\nchown -R jenkins:jenkins /var/lib/jenkins\nchmod 755 /var/lib/jenkins/init.groovy.d/*.groovy\n\n# Start Jenkins\nsystemctl daemon-reload\nsystemctl enable jenkins\nsystemctl start jenkins\n\necho \"Jenkins installation complete\"\n\n#===============================================================================\n# Install Docker (Amazon Linux 2023 native package)\n#===============================================================================\necho \"Installing Docker...\"\n\n# Install Docker from Amazon Linux 2023 repositories\ndnf install -y docker\n\n# Install Docker Compose\ncurl -L \"https://github.com/docker/compose/releases/latest/download/docker-compose-$(uname -s)-$(uname -m)\" -o /usr/local/bin/docker-compose\nchmod +x /usr/local/bin/docker-compose\nln -s /usr/local/bin/docker-compose /usr/bin/docker-compose\n\n# Start Docker\nsystemctl enable docker\nsystemctl start docker\n\n# Verify installations\ndocker --version\ndocker-compose --version\n\n# Add jenkins user to docker group\nusermod -aG docker jenkins\n\n#===============================================================================\n# Install AWS CLI\n#===============================================================================\necho \"Installing AWS CLI...\"\ncurl \"https://awscli.amazonaws.com/awscli-exe-linux-x86_64.zip\" -o \"awscliv2.zip\"\nunzip awscliv2.zip\n./aws/install\nrm -rf aws awscliv2.zip\naws --version\n\n#===============================================================================\n# Install kubectl\n#===============================================================================\necho \"Installing kubectl...\"\ncurl -LO \"https://dl.k8s/release/$(curl -L -s https://dl.k8s/release/stable.txt)/bin/linux/amd64/kubectl\"\nchmod +x kubectl\nmv kubectl /usr/local/bin/kubectl\nkubectl version --client\n\n#===============================================================================\n# Install Node.js \u0026 npm\n#===============================================================================\necho \"Installing Node.js 18...\"\ncurl -fsSL https://rpm.nodesource.com/setup_18.x | bash -\ndnf install -y nodejs\nnode --version\nnpm --version\n\n#===============================================================================\n# Install Trivy\n#===============================================================================\necho \"Installing Trivy...\"\ncurl -sfL https://raw.githubusercontent.com/aquasecurity/trivy/main/contrib/install.sh | sh -s -- -b /usr/local/bin\nln -s /usr/local/bin/trivy /usr/bin/trivy\ntrivy version\n\n#===============================================================================\n# Install SonarQube Scanner\n#===============================================================================\necho \"Installing SonarQube Scanner...\"\nwget https://binaries.sonarsource.com/Distribution/sonar-scanner-cli/sonar-scanner-cli-5.0.1.3006-linux.zip\nunzip sonar-scanner-cli-5.0.1.3006-linux.zip -d /opt\nmv /opt/sonar-scanner-5.0.1.3006-linux /opt/sonar-scanner\nln -s /opt/sonar-scanner/bin/sonar-scanner /usr/local/bin/sonar-scanner\nrm -f sonar-scanner-cli-5.0.1.3006-linux.zip\nsonar-scanner --version\n\n#===============================================================================\n# Configure Jenkins Plugins (after Jenkins starts)\n#===============================================================================\necho \"Waiting for Jenkins to start...\"\nsleep 45\n\necho \"Configuring Jenkins plugins...\"\ncat \u003e /tmp/plugins.txt \u003c\u003c 'EOF'\nworkflow-aggregator\npipeline-stage-view\ngit\ngithub\ngithub-branch-source\ndocker-workflow\nkubernetes-cli\nkubernetes-credentials\nblue-ocean\ncredentials-binding\nmatrix-auth\ntimestamper\nws-cleanup\nbuild-timeout\nsonar\nsonarqube-scanner\nnexus-artifact-uploader\nEOF\n\n# Install plugins if CLI is available\nif [ -f /var/lib/jenkins/secrets/initialAdminPassword ]; then\n    curl -L -o /usr/local/bin/jenkins-cli.jar http://localhost:8080/jnlpJars/jenkins-cli.jar 2\u003e/dev/null || true\n    if [ -f /usr/local/bin/jenkins-cli.jar ]; then\n        while read plugin; do\n            java -jar /usr/local/bin/jenkins-cli.jar -s http://localhost:8080/ -auth admin:admin123 install-plugin $plugin 2\u003e/dev/null || true\n        done \u003c /tmp/plugins.txt\n        java -jar /usr/local/bin/jenkins-cli.jar -s http://localhost:8080/ -auth admin:admin123 safe-restart 2\u003e/dev/null || true\n    fi\nfi\n\n# Wait for Jenkins to restart\nsleep 30\n\n#===============================================================================\n# Start SonarQube (Docker)\n#===============================================================================\necho \"Starting SonarQube container...\"\ndocker run -d --name sonarqube \\\n  -p 9000:9000 \\\n  -e SONAR_JDBC_URL=jdbc:h2:mem:sonar \\\n  -e SONAR_WEB_JAVAOPTS=\"-Xmx512m -Xms128m\" \\\n  -v sonarqube_data:/opt/sonarqube/data \\\n  -v sonarqube_logs:/opt/sonarqube/logs \\\n  --restart unless-stopped \\\n  sonarqube:10.3-community\n\n# Wait for SonarQube to be ready\necho \"Waiting for SonarQube to start...\"\nsleep 60\n\n#===============================================================================\n# Start Nexus (Docker)\n#===============================================================================\necho \"Starting Nexus container...\"\ndocker run -d --name nexus \\\n  -p 8081:8081 \\\n  -e INSTALL4J_ADD_VM_PARAMS=\"-Xms512m -Xmx512m -XX:MaxDirectMemorySize=512m\" \\\n  -v nexus_data:/nexus-data \\\n  --restart unless-stopped \\\n  sonatype/nexus3:3.65.0\n\n# Wait for Nexus to be ready\necho \"Waiting for Nexus to start...\"\nsleep 60\n\n# Create Nexus blob store and repository for artifacts\necho \"Configuring Nexus...\"\nPUBLIC_IP=$(curl -s http://169.254.169.254/latest/meta-data/public-ipv4)\n\n# Wait for Nexus admin password file\ndocker exec nexus cat /nexus-data/admin.password 2\u003e/dev/null || echo \"changeme\"\n\n#===============================================================================\n# Final Output\n#===============================================================================\necho \"\"\necho \"========== Setup Complete ==========\"\necho \"Jenkins URL: http://$(curl -s http://169.254.169.254/latest/meta-data/public-ipv4):8080\"\necho \"Credentials: admin / admin123\"\necho \"\"\necho \"SonarQube URL: http://$(curl -s http://169.254.169.254/latest/meta-data/public-ipv4):9000\"\necho \"SonarQube Credentials: admin / admin\"\necho \"\"\necho \"Nexus URL: http://$(curl -s http://169.254.169.254/latest/meta-data/public-ipv4):8081\"\necho \"Nexus Admin Password: $(docker exec nexus cat /nexus-data/admin.password 2\u003e/dev/null || echo 'Check: docker exec nexus cat /nexus-data/admin.password')\"\necho \"\"\necho \"Installed Tools:\"\necho \"  - Jenkins (port 8080)\"\necho \"  - Docker \u0026 Docker Compose\"\necho \"  - AWS CLI\"\necho \"  - kubectl\"\necho \"  - Node.js \u0026 npm\"\necho \"  - Trivy\"\necho \"  - SonarQube Scanner\"\necho \"  - SonarQube Server (Docker, port 9000)\"\necho \"  - Nexus Server (Docker, port 8081)\"\necho \"\"\ndate\necho \"======================================\"\n",
            "user_data_base64": null,
            "user_data_replace_on_change": false,
            "volume_tags": null,
            "vpc_security_group_ids": [
              "sg-0be80807322791f5d"
            ]
          },
          "sensitive_attributes": [],
          "identity_schema_version": 0,
          "identity": {
            "account_id": "941948905001",
            "id": "i-0ff5b1abc20ae6eb0",
            "region": "us-west-2"
          },
          "private": "eyJlMmJmYjczMC1lY2FhLTExZTYtOGY4OC0zNDM2M2JjN2M0YzAiOnsiY3JlYXRlIjo2MDAwMDAwMDAwMDAsImRlbGV0ZSI6MTIwMDAwMDAwMDAwMCwicmVhZCI6OTAwMDAwMDAwMDAwLCJ1cGRhdGUiOjYwMDAwMDAwMDAwMH0sInNjaGVtYV92ZXJzaW9uIjoiMiJ9",
          "dependencies": [
            "aws_iam_instance_profile.jenkins_profile",
            "aws_iam_role.jenkins_role",
            "aws_security_group.jenkins_sg",
            "data.aws_ami.amazon_linux_2023"
          ]
        }
      ]
    },
    {
      "mode": "managed",
      "type": "aws_security_group",
      "name": "eks_cluster_sg",
      "provider": "provider[\"registry.terraform.io/hashicorp/aws\"]",
      "instances": [
        {
          "schema_version": 1,
          "attributes": {
            "arn": "arn:aws:ec2:us-west-2:941948905001:security-group/sg-0d276f044fae943f5",
            "description": "Security group for EKS cluster",
            "egress": [
              {
                "cidr_blocks": [
                  "0.0.0.0/0"
                ],
                "description": "",
                "from_port": 0,
                "ipv6_cidr_blocks": [],
                "prefix_list_ids": [],
                "protocol": "-1",
                "security_groups": [],
                "self": false,
                "to_port": 0
              }
            ],
            "id": "sg-0d276f044fae943f5",
            "ingress": [
              {
                "cidr_blocks": [],
                "description": "Allow Jenkins to access EKS API",
                "from_port": 443,
                "ipv6_cidr_blocks": [],
                "prefix_list_ids": [],
                "protocol": "tcp",
                "security_groups": [
                  "sg-0be80807322791f5d"
                ],
                "self": false,
                "to_port": 443
              }
            ],
            "name": "eks-cluster-sg-20260404073523369500000001",
            "name_prefix": "eks-cluster-sg-",
            "owner_id": "941948905001",
            "region": "us-west-2",
            "revoke_rules_on_delete": false,
            "tags": {
              "Name": "eks-cluster-sg"
            },
            "tags_all": {
              "Name": "eks-cluster-sg"
            },
            "timeouts": null,
            "vpc_id": "vpc-06bec4472137da9cb"
          },
          "sensitive_attributes": [],
          "identity_schema_version": 0,
          "identity": {
            "account_id": "941948905001",
            "id": "sg-0d276f044fae943f5",
            "region": "us-west-2"
          },
          "private": "eyJlMmJmYjczMC1lY2FhLTExZTYtOGY4OC0zNDM2M2JjN2M0YzAiOnsiY3JlYXRlIjo2MDAwMDAwMDAwMDAsImRlbGV0ZSI6OTAwMDAwMDAwMDAwfSwic2NoZW1hX3ZlcnNpb24iOiIxIn0="
        }
      ]
    },
    {
      "mode": "managed",
      "type": "aws_security_group",
      "name": "eks_node_sg",
      "provider": "provider[\"registry.terraform.io/hashicorp/aws\"]",
      "instances": [
        {
          "schema_version": 1,
          "attributes": {
            "arn": "arn:aws:ec2:us-west-2:941948905001:security-group/sg-00a0775a6327227a1",
            "description": "Security group for EKS worker nodes",
            "egress": [
              {
                "cidr_blocks": [
                  "0.0.0.0/0"
                ],
                "description": "",
                "from_port": 0,
                "ipv6_cidr_blocks": [],
                "prefix_list_ids": [],
                "protocol": "-1",
                "security_groups": [],
                "self": false,
                "to_port": 0
              }
            ],
            "id": "sg-00a0775a6327227a1",
            "ingress": [
              {
                "cidr_blocks": [],
                "description": "Allow cluster API access",
                "from_port": 443,
                "ipv6_cidr_blocks": [],
                "prefix_list_ids": [],
                "protocol": "tcp",
                "security_groups": [
                  "sg-0d276f044fae943f5"
                ],
                "self": false,
                "to_port": 443
              },
              {
                "cidr_blocks": [],
                "description": "Allow inter-node communication",
                "from_port": 0,
                "ipv6_cidr_blocks": [],
                "prefix_list_ids": [],
                "protocol": "tcp",
                "security_groups": [],
                "self": true,
                "to_port": 65535
              },
              {
                "cidr_blocks": [],
                "description": "Allow kubelet access",
                "from_port": 1025,
                "ipv6_cidr_blocks": [],
                "prefix_list_ids": [],
                "protocol": "tcp",
                "security_groups": [
                  "sg-0d276f044fae943f5"
                ],
                "self": false,
                "to_port": 65535
              }
            ],
            "name": "eks-node-sg-20260404073528965700000003",
            "name_prefix": "eks-node-sg-",
            "owner_id": "941948905001",
            "region": "us-west-2",
            "revoke_rules_on_delete": false,
            "tags": {
              "Name": "eks-node-sg"
            },
            "tags_all": {
              "Name": "eks-node-sg"
            },
            "timeouts": null,
            "vpc_id": "vpc-06bec4472137da9cb"
          },
          "sensitive_attributes": [],
          "identity_schema_version": 0,
          "identity": {
            "account_id": "941948905001",
            "id": "sg-00a0775a6327227a1",
            "region": "us-west-2"
          },
          "private": "eyJlMmJmYjczMC1lY2FhLTExZTYtOGY4OC0zNDM2M2JjN2M0YzAiOnsiY3JlYXRlIjo2MDAwMDAwMDAwMDAsImRlbGV0ZSI6OTAwMDAwMDAwMDAwfSwic2NoZW1hX3ZlcnNpb24iOiIxIn0=",
          "dependencies": [
            "aws_security_group.eks_cluster_sg"
          ]
        }
      ]
    },
    {
      "mode": "managed",
      "type": "aws_security_group",
      "name": "jenkins_sg",
      "provider": "provider[\"registry.terraform.io/hashicorp/aws\"]",
      "instances": [
        {
          "schema_version": 1,
          "attributes": {
            "arn": "arn:aws:ec2:us-west-2:941948905001:security-group/sg-0be80807322791f5d",
            "description": "Security group for Jenkins Server",
            "egress": [
              {
                "cidr_blocks": [
                  "0.0.0.0/0"
                ],
                "description": "Allow all outbound traffic",
                "from_port": 0,
                "ipv6_cidr_blocks": [],
                "prefix_list_ids": [],
                "protocol": "-1",
                "security_groups": [],
                "self": false,
                "to_port": 0
              }
            ],
            "id": "sg-0be80807322791f5d",
            "ingress": [
              {
                "cidr_blocks": [
                  "49.47.216.36/32"
                ],
                "description": "Jenkins Web UI",
                "from_port": 8080,
                "ipv6_cidr_blocks": [],
                "prefix_list_ids": [],
                "protocol": "tcp",
                "security_groups": [],
                "self": false,
                "to_port": 8080
              },
              {
                "cidr_blocks": [
                  "49.47.216.36/32"
                ],
                "description": "Jenkins Web UI",
                "from_port": 8081,
                "ipv6_cidr_blocks": [],
                "prefix_list_ids": [],
                "protocol": "tcp",
                "security_groups": [],
                "self": false,
                "to_port": 8081
              },
              {
                "cidr_blocks": [
                  "49.47.216.36/32"
                ],
                "description": "Jenkins Web UI",
                "from_port": 9000,
                "ipv6_cidr_blocks": [],
                "prefix_list_ids": [],
                "protocol": "tcp",
                "security_groups": [],
                "self": false,
                "to_port": 9000
              },
              {
                "cidr_blocks": [
                  "49.47.216.36/32"
                ],
                "description": "SSH access",
                "from_port": 22,
                "ipv6_cidr_blocks": [],
                "prefix_list_ids": [],
                "protocol": "tcp",
                "security_groups": [],
                "self": false,
                "to_port": 22
              }
            ],
            "name": "jenkins-sg-20260404073523371800000002",
            "name_prefix": "jenkins-sg-",
            "owner_id": "941948905001",
            "region": "us-west-2",
            "revoke_rules_on_delete": false,
            "tags": {
              "Environment": "production",
              "Name": "jenkins-sg"
            },
            "tags_all": {
              "Environment": "production",
              "Name": "jenkins-sg"
            },
            "timeouts": null,
            "vpc_id": "vpc-06bec4472137da9cb"
          },
          "sensitive_attributes": [],
          "identity_schema_version": 0,
          "identity": {
            "account_id": "941948905001",
            "id": "sg-0be80807322791f5d",
            "region": "us-west-2"
          },
          "private": "eyJlMmJmYjczMC1lY2FhLTExZTYtOGY4OC0zNDM2M2JjN2M0YzAiOnsiY3JlYXRlIjo2MDAwMDAwMDAwMDAsImRlbGV0ZSI6OTAwMDAwMDAwMDAwfSwic2NoZW1hX3ZlcnNpb24iOiIxIn0="
        }
      ]
    },
    {
      "mode": "managed",
      "type": "aws_security_group_rule",
      "name": "jenkins_to_eks",
      "provider": "provider[\"registry.terraform.io/hashicorp/aws\"]",
      "instances": [
        {
          "schema_version": 2,
          "attributes": {
            "cidr_blocks": null,
            "description": "Allow Jenkins to access EKS API",
            "from_port": 443,
            "id": "sgrule-4195481265",
            "ipv6_cidr_blocks": null,
            "prefix_list_ids": null,
            "protocol": "tcp",
            "region": "us-west-2",
            "security_group_id": "sg-0d276f044fae943f5",
            "security_group_rule_id": "sgr-0855f666ad9784fc5",
            "self": false,
            "source_security_group_id": "sg-0be80807322791f5d",
            "timeouts": null,
            "to_port": 443,
            "type": "ingress"
          },
          "sensitive_attributes": [],
          "identity_schema_version": 0,
          "private": "eyJlMmJmYjczMC1lY2FhLTExZTYtOGY4OC0zNDM2M2JjN2M0YzAiOnsiY3JlYXRlIjozMDAwMDAwMDAwMDB9LCJzY2hlbWFfdmVyc2lvbiI6IjIifQ==",
          "dependencies": [
            "aws_security_group.eks_cluster_sg",
            "aws_security_group.jenkins_sg"
          ]
        }
      ]
    }
  ],
  "check_results": null
}
