{
  "version": 4,
  "terraform_version": "1.14.1",
  "serial": 218,
  "lineage": "732184ef-e5e7-2821-be1f-203c28568bc8",
  "outputs": {
    "eks_cluster_endpoint": {
      "value": "https://D58AA815486D26D036A00EEF1F683080.gr7.us-west-2.eks.amazonaws.com",
      "type": "string"
    },
    "eks_cluster_name": {
      "value": "ecommerce-cluster",
      "type": "string"
    },
    "eks_kubeconfig_command": {
      "value": "aws eks update-kubeconfig --region us-west-2 --name ecommerce-cluster",
      "type": "string"
    },
    "jenkins_public_ip": {
      "value": "54.203.176.47",
      "type": "string"
    },
    "jenkins_url": {
      "value": "http://54.203.176.47:8080",
      "type": "string"
    }
  },
  "resources": [
    {
      "mode": "data",
      "type": "aws_ami",
      "name": "amazon_linux_2023",
      "provider": "provider[\"registry.terraform.io/hashicorp/aws\"]",
      "instances": [
        {
          "schema_version": 0,
          "attributes": {
            "allow_unsafe_filter": null,
            "architecture": "x86_64",
            "arn": "arn:aws:ec2:us-west-2::image/ami-0e9e60f4859f1220f",
            "block_device_mappings": [
              {
                "device_name": "/dev/xvda",
                "ebs": {
                  "delete_on_termination": "true",
                  "encrypted": "false",
                  "iops": "3000",
                  "snapshot_id": "snap-0b4c05289e78355b8",
                  "throughput": "125",
                  "volume_initialization_rate": "0",
                  "volume_size": "30",
                  "volume_type": "gp3"
                },
                "no_device": "",
                "virtual_name": ""
              }
            ],
            "boot_mode": "uefi-preferred",
            "creation_date": "2026-03-30T21:40:34.000Z",
            "deprecation_time": "2028-03-30T21:40:34.000Z",
            "description": "Amazon Linux AMI 2023.0.20260330 x86_64 ECS HVM EBS",
            "ena_support": true,
            "executable_users": null,
            "filter": [
              {
                "name": "name",
                "values": [
                  "al2023-ami-*-x86_64"
                ]
              },
              {
                "name": "virtualization-type",
                "values": [
                  "hvm"
                ]
              }
            ],
            "hypervisor": "xen",
            "id": "ami-0e9e60f4859f1220f",
            "image_id": "ami-0e9e60f4859f1220f",
            "image_location": "amazon/al2023-ami-ecs-neuron-hvm-2023.0.20260330-kernel-6.1-x86_64",
            "image_owner_alias": "amazon",
            "image_type": "machine",
            "imds_support": "v2.0",
            "include_deprecated": false,
            "kernel_id": "",
            "last_launched_time": "",
            "most_recent": true,
            "name": "al2023-ami-ecs-neuron-hvm-2023.0.20260330-kernel-6.1-x86_64",
            "name_regex": null,
            "owner_id": "591542846629",
            "owners": [
              "amazon"
            ],
            "platform": "",
            "platform_details": "Linux/UNIX",
            "product_codes": [],
            "public": true,
            "ramdisk_id": "",
            "region": "us-west-2",
            "root_device_name": "/dev/xvda",
            "root_device_type": "ebs",
            "root_snapshot_id": "snap-0b4c05289e78355b8",
            "sriov_net_support": "simple",
            "state": "available",
            "state_reason": {
              "code": "UNSET",
              "message": "UNSET"
            },
            "tags": {},
            "timeouts": null,
            "tpm_support": "",
            "uefi_data": null,
            "usage_operation": "RunInstances",
            "virtualization_type": "hvm"
          },
          "sensitive_attributes": [],
          "identity_schema_version": 0
        }
      ]
    },
    {
      "mode": "data",
      "type": "tls_certificate",
      "name": "eks",
      "provider": "provider[\"registry.terraform.io/hashicorp/tls\"]",
      "instances": [
        {
          "schema_version": 0,
          "attributes": {
            "certificates": [
              {
                "cert_pem": "-----BEGIN CERTIFICATE-----\nMIIEkjCCA3qgAwIBAgITBn+USionzfP6wq4rAfkI7rnExjANBgkqhkiG9w0BAQsF\nADCBmDELMAkGA1UEBhMCVVMxEDAOBgNVBAgTB0FyaXpvbmExEzARBgNVBAcTClNj\nb3R0c2RhbGUxJTAjBgNVBAoTHFN0YXJmaWVsZCBUZWNobm9sb2dpZXMsIEluYy4x\nOzA5BgNVBAMTMlN0YXJmaWVsZCBTZXJ2aWNlcyBSb290IENlcnRpZmljYXRlIEF1\ndGhvcml0eSAtIEcyMB4XDTE1MDUyNTEyMDAwMFoXDTM3MTIzMTAxMDAwMFowOTEL\nMAkGA1UEBhMCVVMxDzANBgNVBAoTBkFtYXpvbjEZMBcGA1UEAxMQQW1hem9uIFJv\nb3QgQ0EgMTCCASIwDQYJKoZIhvcNAQEBBQADggEPADCCAQoCggEBALJ4gHHKeNXj\nca9HgFB0fW7Y14h29Jlo91ghYPl0hAEvrAIthtOgQ3pOsqTQNroBvo3bSMgHFzZM\n9O6II8c+6zf1tRn4SWiw3te5djgdYZ6k/oI2peVKVuRF4fn9tBb6dNqcmzU5L/qw\nIFAGbHrQgLKm+a/sRxmPUDgH3KKHOVj4utWp+UhnMJbulHheb4mjUcAwhmahRWa6\nVOujw5H5SNz/0egwLX0tdHA114gk957EWW67c4cX8jJGKLhD+rcdqsq08p8kDi1L\n93FcXmn/6pUCyziKrlA4b9v7LWIbxcceVOF34GfID5yHI9Y/QCB/IIDEgEw+OyQm\njgSubJrIqg0CAwEAAaOCATEwggEtMA8GA1UdEwEB/wQFMAMBAf8wDgYDVR0PAQH/\nBAQDAgGGMB0GA1UdDgQWBBSEGMyFNOy8DJSULghZnMeyEE4KCDAfBgNVHSMEGDAW\ngBScXwDfqgHXMCs4iKK4bUqc8hGRgzB4BggrBgEFBQcBAQRsMGowLgYIKwYBBQUH\nMAGGImh0dHA6Ly9vY3NwLnJvb3RnMi5hbWF6b250cnVzdC5jb20wOAYIKwYBBQUH\nMAKGLGh0dHA6Ly9jcnQucm9vdGcyLmFtYXpvbnRydXN0LmNvbS9yb290ZzIuY2Vy\nMD0GA1UdHwQ2MDQwMqAwoC6GLGh0dHA6Ly9jcmwucm9vdGcyLmFtYXpvbnRydXN0\nLmNvbS9yb290ZzIuY3JsMBEGA1UdIAQKMAgwBgYEVR0gADANBgkqhkiG9w0BAQsF\nAAOCAQEAYjdCXLwQtT6LLOkMm2xF4gcAevnFWAu5CIw+7bMlPLVvUOTNNWqnkzSW\nMiGpSESrnO09tKpzbeR/FoCJbM8oAxiDR3mjEH4wW6w7sGDgd9QIpuEdfF7Au/ma\neyKdpwAJfqxGF4PcnCZXmTA5YpaP7dreqsXMGz7KQ2hsVxa81Q4gLv7/wmpdLqBK\nbRRYh5TmOTFffHPLkIhqhBGWJ6bt2YFGpn6jcgAKUj6DiAdjd4lpFw85hdKrCEVN\n0FE6/V1dN2RMfjCyVSRCnTawXZwXgWHxyvkQAiSr6w10kY17RSlQOYiypok1JR4U\nakcjMS9cmvqtmg5iUaQqqcT5NJ0hGA==\n-----END CERTIFICATE-----\n",
                "is_ca": true,
                "issuer": "CN=Starfield Services Root Certificate Authority - G2,O=Starfield Technologies\\, Inc.,L=Scottsdale,ST=Arizona,C=US",
                "max_path_length": -1,
                "not_after": "2037-12-31T01:00:00Z",
                "not_before": "2015-05-25T12:00:00Z",
                "public_key_algorithm": "RSA",
                "serial_number": "144918191876577076464031512351042010504348870",
                "sha1_fingerprint": "06b25927c42a721631c1efd9431e648fa62e1e39",
                "signature_algorithm": "SHA256-RSA",
                "subject": "CN=Amazon Root CA 1,O=Amazon,C=US",
                "version": 3
              },
              {
                "cert_pem": "-----BEGIN CERTIFICATE-----\nMIIEXjCCA0agAwIBAgITB3MSTyqVLj7Rili9uF0bwM5fJzANBgkqhkiG9w0BAQsF\nADA5MQswCQYDVQQGEwJVUzEPMA0GA1UEChMGQW1hem9uMRkwFwYDVQQDExBBbWF6\nb24gUm9vdCBDQSAxMB4XDTIyMDgyMzIyMjYzNVoXDTMwMDgyMzIyMjYzNVowPDEL\nMAkGA1UEBhMCVVMxDzANBgNVBAoTBkFtYXpvbjEcMBoGA1UEAxMTQW1hem9uIFJT\nQSAyMDQ4IE0wNDCCASIwDQYJKoZIhvcNAQEBBQADggEPADCCAQoCggEBAM3pVR6A\nlQOp4xe776FdePXyejgA38mYx1ou9/jrpV6Sfn+/oqBKgwhY6ePsQHHQayWBJdBn\nv4Wz363qRI4XUh9swBFJ11TnZ3LqOMvHmWq2+loA0QPtOfXdJ2fHBLrBrngtJ/GB\n0p5olAVYrSZgvQGP16Rf8ddtNyxEEhYm3HuhmNi+vSeAq1tLYJPAvRCXonTpWdSD\nxY6hvdmxlqTYi82AtBXSfpGQ58HHM0hw0C6aQakghrwWi5fGslLOqzpimNMIsT7c\nqa0GJx6JfKqJqmQQNplO2h8n9ZsFJgBowof01ppdoLAWg6caMOM0om/VILKaa30F\n9W/r8Qjah7ltGVkCAwEAAaOCAVowggFWMBIGA1UdEwEB/wQIMAYBAf8CAQAwDgYD\nVR0PAQH/BAQDAgGGMB0GA1UdJQQWMBQGCCsGAQUFBwMBBggrBgEFBQcDAjAdBgNV\nHQ4EFgQUH1KSYVaCVH+BZtgdPQqqMlyH3QgwHwYDVR0jBBgwFoAUhBjMhTTsvAyU\nlC4IWZzHshBOCggwewYIKwYBBQUHAQEEbzBtMC8GCCsGAQUFBzABhiNodHRwOi8v\nb2NzcC5yb290Y2ExLmFtYXpvbnRydXN0LmNvbTA6BggrBgEFBQcwAoYuaHR0cDov\nL2NydC5yb290Y2ExLmFtYXpvbnRydXN0LmNvbS9yb290Y2ExLmNlcjA/BgNVHR8E\nODA2MDSgMqAwhi5odHRwOi8vY3JsLnJvb3RjYTEuYW1hem9udHJ1c3QuY29tL3Jv\nb3RjYTEuY3JsMBMGA1UdIAQMMAowCAYGZ4EMAQIBMA0GCSqGSIb3DQEBCwUAA4IB\nAQA+1O5UsAaNuW3lHzJtpNGwBnZd9QEYFtxpiAnIaV4qApnGS9OCw5ZPwie7YSlD\nZF5yyFPsFhUC2Q9uJHY/CRV1b5hIiGH0+6+w5PgKiY1MWuWT8VAaJjFxvuhM7a/e\nfN2TIw1Wd6WCl6YRisunjQOrSP+unqC8A540JNyZ1JOE3jVqat3OZBGgMvihdj2w\nY23EpwesrKiQzkHzmvSH67PVW4ycbPy08HVZnBxZ5NrlGG9bwXR3fNTaz+c+Ej6c\n5AnwI3qkOFgSkg3Y75cdFz6pO/olK+e3AqygAcv0WjzmkDPuBjssuZjCHMC56oH3\nGJkV29Di2j5prHJbwZjG1inU\n-----END CERTIFICATE-----\n",
                "is_ca": true,
                "issuer": "CN=Amazon Root CA 1,O=Amazon,C=US",
                "max_path_length": 0,
                "not_after": "2030-08-23T22:26:35Z",
                "not_before": "2022-08-23T22:26:35Z",
                "public_key_algorithm": "RSA",
                "serial_number": "166129359584585245282080020727744908546170663",
                "sha1_fingerprint": "e7b8b5a6743ce1b2f17b041de59558a41472d70c",
                "signature_algorithm": "SHA256-RSA",
                "subject": "CN=Amazon RSA 2048 M04,O=Amazon,C=US",
                "version": 3
              },
              {
                "cert_pem": "-----BEGIN CERTIFICATE-----\nMIIF3DCCBMSgAwIBAgIQDQV9d1Pckakw9/avbXdLkzANBgkqhkiG9w0BAQsFADA8\nMQswCQYDVQQGEwJVUzEPMA0GA1UEChMGQW1hem9uMRwwGgYDVQQDExNBbWF6b24g\nUlNBIDIwNDggTTA0MB4XDTI2MDIwMTAwMDAwMFoXDTI3MDMwMjIzNTk1OVowKDEm\nMCQGA1UEAwwdKi5la3MudXMtd2VzdC0yLmFtYXpvbmF3cy5jb20wggEiMA0GCSqG\nSIb3DQEBAQUAA4IBDwAwggEKAoIBAQDUrtybLxNh6kicFXKyZ80JadVMf81AAUe7\n+uNNPUoirB6E/eJOMYFcpOMRegRr1+Bj5GkIllgpQkblG5FML0JpoV0U7KKJ/KLq\nXcaoMso2Z1enLUrXsp09jWaLC0JAvWVfQ1zywX7l7gDv1VYQUjEMnHjtmIRBDOvI\n6yfIeQ/vamYC4wBUTgYuNDt2M1W6dHlWFSckQj1gAoQJeTF7MFvTxNphD/UuJ+/z\ngVCg5EX5zY4J1m0WdYNYHBO1k86FgkBwPpfl3CoTk+dr/HtNtecEoyXVcar3kGdP\n6XaEQjTpSmnLMwiUdXeaO6y/ycjucTlEdCJymTlQi7oCrrFQkb89AgMBAAGjggLs\nMIIC6DAfBgNVHSMEGDAWgBQfUpJhVoJUf4Fm2B09CqoyXIfdCDAdBgNVHQ4EFgQU\nS6cIgvI3+EyOstSdOMBsAFpq+PAwKAYDVR0RBCEwH4IdKi5la3MudXMtd2VzdC0y\nLmFtYXpvbmF3cy5jb20wEwYDVR0gBAwwCjAIBgZngQwBAgEwDgYDVR0PAQH/BAQD\nAgWgMBMGA1UdJQQMMAoGCCsGAQUFBwMBMDsGA1UdHwQ0MDIwMKAuoCyGKmh0dHA6\nLy9jcmwucjJtMDQuYW1hem9udHJ1c3QuY29tL3IybTA0LmNybDB1BggrBgEFBQcB\nAQRpMGcwLQYIKwYBBQUHMAGGIWh0dHA6Ly9vY3NwLnIybTA0LmFtYXpvbnRydXN0\nLmNvbTA2BggrBgEFBQcwAoYqaHR0cDovL2NydC5yMm0wNC5hbWF6b250cnVzdC5j\nb20vcjJtMDQuY2VyMAwGA1UdEwEB/wQCMAAwggF+BgorBgEEAdZ5AgQCBIIBbgSC\nAWoBaAB2AExj3JjlnB2riPYeij3ero+rRKM3e1+blMP7oZz8wb4mAAABnBadJOkA\nAAQDAEcwRQIhAMefEVRWmXr8K/0vkj+gjXXQTbRXw9CQqnmdz1aetKPiAiBzBfYw\nh9vz9Qhgsn1IUqNClM6X0+0X6ewSuA3gbbFVpAB3AByfaCzp+vBFaVD4G5aKh93b\nMhDYTObIsuOCUkrEz1mfAAABnBadJOgAAAQDAEgwRgIhAJuTj3hURPwYbgM5Ws/z\ngyzFrm6zqJhNm/9URF9ChtSeAiEAzMZR7unXCg/JwSBEztJvfTHX6kmG8E8WPpr1\niaOxvHcAdQBgTJqven93XwHUBvySDciZ6wscffjJUhv6+hd3O5eLyQAAAZwWnSXI\nAAAEAwBGMEQCIFP2mgbUhpxZWXI00D4UfkBddoqj4KYmlFKI3yO7OvEeAiA72WEB\n0YRrnqH9RiMQCRPmpx0Jeb9W0meF5XD3XhuqljANBgkqhkiG9w0BAQsFAAOCAQEA\nyU9ItZOuE69q8N2HTgB3Mn6KVOTbFjvHEAXZg9j+wxLBzvpUmQmkvtg/bw5coOYZ\nkLtI4Lwl0qPMgVB5jWjVMq2CR2wpebMUxfTektNV+831n1Nd0v/J0k1Pw9IX7BNz\nstV5kMcw1UmcWZjRK4DFqiv5hHLl/+Pm/Kkszk80ljNihZhlTRUWA0iQPHrkiwMe\nj1NbGk5QWJUCI9X0OfmfvwKILD383irwt+b78J78clcg4GjixGz8MU4v8GzQwc6x\nGMzH9ui7E7TktJ4XwjAS6ST4Qm+zmZdpnYwnTpSmbF2PztIF2G7zW0Bm1RyjXnun\nCEEHt64OMliW3oLkjdFKbg==\n-----END CERTIFICATE-----\n",
                "is_ca": false,
                "issuer": "CN=Amazon RSA 2048 M04,O=Amazon,C=US",
                "max_path_length": -1,
                "not_after": "2027-03-02T23:59:59Z",
                "not_before": "2026-02-01T00:00:00Z",
                "public_key_algorithm": "RSA",
                "serial_number": "17308470184802283501806495047878134675",
                "sha1_fingerprint": "a84554e91b2f69f6035a36b183074726b12ffa9c",
                "signature_algorithm": "SHA256-RSA",
                "subject": "CN=*.eks.us-west-2.amazonaws.com",
                "version": 3
              }
            ],
            "content": null,
            "id": "f97f646c2cd14cc0db0f757f0fccc96abbbe2af5",
            "url": "https://oidc.eks.us-west-2.amazonaws.com/id/D58AA815486D26D036A00EEF1F683080",
            "verify_chain": true
          },
          "sensitive_attributes": [],
          "identity_schema_version": 0
        }
      ]
    },
    {
      "mode": "managed",
      "type": "aws_eip",
      "name": "jenkins_eip",
      "provider": "provider[\"registry.terraform.io/hashicorp/aws\"]",
      "instances": [
        {
          "schema_version": 0,
          "attributes": {
            "address": null,
            "allocation_id": "eipalloc-01f8f6116008349a3",
            "arn": "arn:aws:ec2:us-west-2:941948905001:elastic-ip/eipalloc-01f8f6116008349a3",
            "associate_with_private_ip": null,
            "association_id": "eipassoc-0ef7e54d4c0c4e6e9",
            "carrier_ip": "",
            "customer_owned_ip": "",
            "customer_owned_ipv4_pool": "",
            "domain": "vpc",
            "id": "eipalloc-01f8f6116008349a3",
            "instance": "i-0616ca4d1b3037e62",
            "ipam_pool_id": null,
            "network_border_group": "us-west-2",
            "network_interface": "eni-0572ed41185a623d2",
            "private_dns": "ip-20-0-1-125.us-west-2.compute.internal",
            "private_ip": "20.0.1.125",
            "ptr_record": "",
            "public_dns": "ec2-54-203-176-47.us-west-2.compute.amazonaws.com",
            "public_ip": "54.203.176.47",
            "public_ipv4_pool": "amazon",
            "region": "us-west-2",
            "tags": {
              "Name": "jenkins-eip"
            },
            "tags_all": {
              "Name": "jenkins-eip"
            },
            "timeouts": null
          },
          "sensitive_attributes": [],
          "identity_schema_version": 0,
          "private": "eyJlMmJmYjczMC1lY2FhLTExZTYtOGY4OC0zNDM2M2JjN2M0YzAiOnsiZGVsZXRlIjoxODAwMDAwMDAwMDAsInJlYWQiOjkwMDAwMDAwMDAwMCwidXBkYXRlIjozMDAwMDAwMDAwMDB9fQ==",
          "dependencies": [
            "aws_iam_instance_profile.jenkins_profile",
            "aws_iam_role.jenkins_role",
            "aws_instance.jenkins",
            "aws_security_group.jenkins_sg",
            "data.aws_ami.amazon_linux_2023"
          ]
        }
      ]
    },
    {
      "mode": "managed",
      "type": "aws_eks_addon",
      "name": "ebs_csi_driver",
      "provider": "provider[\"registry.terraform.io/hashicorp/aws\"]",
      "instances": [
        {
          "schema_version": 0,
          "attributes": {
            "addon_name": "aws-ebs-csi-driver",
            "addon_version": "v1.57.1-eksbuild.1",
            "arn": "arn:aws:eks:us-west-2:941948905001:addon/ecommerce-cluster/aws-ebs-csi-driver/c4ceb363-0282-d3e4-9c38-af18938f46b2",
            "cluster_name": "ecommerce-cluster",
            "configuration_values": "",
            "created_at": "2026-04-07T07:09:06Z",
            "id": "ecommerce-cluster:aws-ebs-csi-driver",
            "modified_at": "2026-04-07T07:09:47Z",
            "pod_identity_association": [],
            "preserve": null,
            "region": "us-west-2",
            "resolve_conflicts_on_create": null,
            "resolve_conflicts_on_update": null,
            "service_account_role_arn": "arn:aws:iam::941948905001:role/ecommerce-cluster-ebs-csi-driver-role",
            "tags": null,
            "tags_all": {},
            "timeouts": null
          },
          "sensitive_attributes": [],
          "identity_schema_version": 0,
          "private": "eyJlMmJmYjczMC1lY2FhLTExZTYtOGY4OC0zNDM2M2JjN2M0YzAiOnsiY3JlYXRlIjoxMjAwMDAwMDAwMDAwLCJkZWxldGUiOjI0MDAwMDAwMDAwMDAsInVwZGF0ZSI6MTIwMDAwMDAwMDAwMH19",
          "dependencies": [
            "aws_eks_cluster.eks",
            "aws_eks_node_group.app_nodes",
            "aws_eks_node_group.db_nodes",
            "aws_iam_openid_connect_provider.eks",
            "aws_iam_role.ebs_csi_driver_role",
            "aws_iam_role.eks_cluster_role",
            "aws_iam_role.eks_node_role",
            "aws_iam_role_policy_attachment.ebs_csi_driver_irsa_policy",
            "aws_iam_role_policy_attachment.ecr_readonly_policy",
            "aws_iam_role_policy_attachment.eks_cluster_policy",
            "aws_iam_role_policy_attachment.eks_cni_policy",
            "aws_iam_role_policy_attachment.eks_worker_node_policy",
            "aws_security_group.eks_cluster_sg",
            "aws_security_group.eks_node_sg",
            "data.tls_certificate.eks"
          ]
        }
      ]
    },
    {
      "mode": "managed",
      "type": "aws_eks_cluster",
      "name": "eks",
      "provider": "provider[\"registry.terraform.io/hashicorp/aws\"]",
      "instances": [
        {
          "schema_version": 1,
          "attributes": {
            "access_config": [
              {
                "authentication_mode": "CONFIG_MAP",
                "bootstrap_cluster_creator_admin_permissions": true
              }
            ],
            "arn": "arn:aws:eks:us-west-2:941948905001:cluster/ecommerce-cluster",
            "bootstrap_self_managed_addons": true,
            "certificate_authority": [
              {
                "data": "LS0tLS1CRUdJTiBDRVJUSUZJQ0FURS0tLS0tCk1JSURCVENDQWUyZ0F3SUJBZ0lJZDQwUHBMK25tQ1F3RFFZSktvWklodmNOQVFFTEJRQXdGVEVUTUJFR0ExVUUKQXhNS2EzVmlaWEp1WlhSbGN6QWVGdzB5TmpBME1EY3dOalEwTlRoYUZ3MHpOakEwTURRd05qUTVOVGhhTUJVeApFekFSQmdOVkJBTVRDbXQxWW1WeWJtVjBaWE13Z2dFaU1BMEdDU3FHU0liM0RRRUJBUVVBQTRJQkR3QXdnZ0VLCkFvSUJBUUM4WEZXWkJkbW5QVzJYOFhXYlJvMVZJbFlIbUF0VlIydGlmNEY2TExnd1d4NXNxNGQ3Qnl4UHBROXEKSCtpbVhUVDgremxkWWl1dklSamxPYU11V2hzVnNCU3FRYnlhWlVITTFTYXFUdEVjSHhUUDRaNlRIek9kWDE4YgpWdWtlWDZmTzhTZ3FvcW12L0hwR1gyenBIS213N1B6UU5tQ09FaG5JOExSWEp4cDRHdVhlT3N3WTFHRlNHOWl1Ckg5SzlzbTJzV1FEVVNHNlJQM1B0MU9HZTZWRlk2QUgzNkNiZzYzWkdxc0JFRjY0VkE1RHg1TVM0cjNXdFEyYWkKNTBuNFFSeTNZVldJQW9sUHJaNjJIZElQZnlkOGlSUWIrc1pNZGJJelFNN3c2WVRIc0t0TnpNOFZLS2NFZE5pWQplMXJKSE1KMmNscHU5aVdwejVUcHloYzZLQTdCQWdNQkFBR2pXVEJYTUE0R0ExVWREd0VCL3dRRUF3SUNwREFQCkJnTlZIUk1CQWY4RUJUQURBUUgvTUIwR0ExVWREZ1FXQkJUUVdUSlpiU2ZmTWorNVpLWEhVOU9qMTZ1V2pUQVYKQmdOVkhSRUVEakFNZ2dwcmRXSmxjbTVsZEdWek1BMEdDU3FHU0liM0RRRUJDd1VBQTRJQkFRQzZOaHR3MjdTMgp0YTY4MllacVNPKzk3bU0zZGxRVjlLMVFVa0c0Z1lQV0NvK09xOHFmUGtTTS9CaHF5NG0zSlAycnNEanNQQzdyCktrLy9nV2tiTHFnZHhhSlhPYXBRVnpndUt3MkZsY2YyVVJQRzRFRnFEcllqdjkzanU0RS9taEd2L3ZOSTZ4YWwKVWNXMFA2OVBXTDZ0MEQ3UDlZZHBDbjRib0RrQUNJOXlEOVg4aDEzZTJYbnozLzdXTWk2dWYzOGhMaTZlSnhmZAo4bjR1MlBMMk9BcHBhdXFHS1gwQUJiOEVadnRBamRFSzhYbmYraEtEQzkxYkxSYk9Ub1hYbXdTbGdodEhvSGlZCm9TK0pIaVB4OVczRk8rY3FwK3hmSkJBQW1IbSt2QnlENDR6TVE5dVFsZEI5akhUeU8ya2FXclJrSzltcGVrSlAKOXFpcnpsWTR2VzRjCi0tLS0tRU5EIENFUlRJRklDQVRFLS0tLS0K"
              }
            ],
            "cluster_id": null,
            "compute_config": [
              {
                "enabled": false,
                "node_pools": [],
                "node_role_arn": ""
              }
            ],
            "control_plane_scaling_config": [
              {
                "tier": "standard"
              }
            ],
            "created_at": "2026-04-07T06:46:00Z",
            "deletion_protection": false,
            "enabled_cluster_log_types": null,
            "encryption_config": [],
            "endpoint": "https://D58AA815486D26D036A00EEF1F683080.gr7.us-west-2.eks.amazonaws.com",
            "force_update_version": null,
            "id": "ecommerce-cluster",
            "identity": [
              {
                "oidc": [
                  {
                    "issuer": "https://oidc.eks.us-west-2.amazonaws.com/id/D58AA815486D26D036A00EEF1F683080"
                  }
                ]
              }
            ],
            "kubernetes_network_config": [
              {
                "elastic_load_balancing": [
                  {
                    "enabled": false
                  }
                ],
                "ip_family": "ipv4",
                "service_ipv4_cidr": "10.100.0.0/16",
                "service_ipv6_cidr": ""
              }
            ],
            "name": "ecommerce-cluster",
            "outpost_config": [],
            "platform_version": "eks.19",
            "region": "us-west-2",
            "remote_network_config": [],
            "role_arn": "arn:aws:iam::941948905001:role/eks-cluster-role",
            "status": "ACTIVE",
            "storage_config": [
              {
                "block_storage": [
                  {
                    "enabled": false
                  }
                ]
              }
            ],
            "tags": null,
            "tags_all": {},
            "timeouts": null,
            "upgrade_policy": [
              {
                "support_type": "EXTENDED"
              }
            ],
            "version": "1.34",
            "vpc_config": [
              {
                "cluster_security_group_id": "sg-097363f6a964e91d0",
                "endpoint_private_access": true,
                "endpoint_public_access": true,
                "public_access_cidrs": [
                  "0.0.0.0/0"
                ],
                "security_group_ids": [
                  "sg-09cfa347f6722286e"
                ],
                "subnet_ids": [
                  "subnet-05afe4a2c8fa465dd",
                  "subnet-0e0ae11cab0d4a25d"
                ],
                "vpc_id": "vpc-06bec4472137da9cb"
              }
            ],
            "zonal_shift_config": []
          },
          "sensitive_attributes": [],
          "identity_schema_version": 0,
          "identity": {
            "account_id": "941948905001",
            "name": "ecommerce-cluster",
            "region": "us-west-2"
          },
          "private": "eyJlMmJmYjczMC1lY2FhLTExZTYtOGY4OC0zNDM2M2JjN2M0YzAiOnsiY3JlYXRlIjoxODAwMDAwMDAwMDAwLCJkZWxldGUiOjkwMDAwMDAwMDAwMCwidXBkYXRlIjozNjAwMDAwMDAwMDAwfSwic2NoZW1hX3ZlcnNpb24iOiIxIn0=",
          "dependencies": [
            "aws_iam_role.eks_cluster_role",
            "aws_iam_role_policy_attachment.eks_cluster_policy",
            "aws_security_group.eks_cluster_sg"
          ]
        }
      ]
    },
    {
      "mode": "managed",
      "type": "aws_eks_node_group",
      "name": "app_nodes",
      "provider": "provider[\"registry.terraform.io/hashicorp/aws\"]",
      "instances": [
        {
          "schema_version": 0,
          "attributes": {
            "ami_type": "AL2023_x86_64_STANDARD",
            "arn": "arn:aws:eks:us-west-2:941948905001:nodegroup/ecommerce-cluster/ecommerce-app-nodes/5eceb362-2834-f627-07e7-74a5c9dcf344",
            "capacity_type": "ON_DEMAND",
            "cluster_name": "ecommerce-cluster",
            "disk_size": 20,
            "force_update_version": null,
            "id": "ecommerce-cluster:ecommerce-app-nodes",
            "instance_types": [
              "c7i-flex.large"
            ],
            "labels": {
              "environment": "production",
              "workload-type": "application"
            },
            "launch_template": [],
            "node_group_name": "ecommerce-app-nodes",
            "node_group_name_prefix": "",
            "node_repair_config": [],
            "node_role_arn": "arn:aws:iam::941948905001:role/eks-node-role",
            "region": "us-west-2",
            "release_version": "1.34.4-20260318",
            "remote_access": [
              {
                "ec2_ssh_key": "tata-key",
                "source_security_group_ids": [
                  "sg-0a83f0fbc0fa0269e"
                ]
              }
            ],
            "resources": [
              {
                "autoscaling_groups": [
                  {
                    "name": "eks-ecommerce-app-nodes-5eceb362-2834-f627-07e7-74a5c9dcf344"
                  }
                ],
                "remote_access_security_group_id": "sg-0567f791da1e9a557"
              }
            ],
            "scaling_config": [
              {
                "desired_size": 2,
                "max_size": 4,
                "min_size": 2
              }
            ],
            "status": "ACTIVE",
            "subnet_ids": [
              "subnet-05afe4a2c8fa465dd",
              "subnet-0e0ae11cab0d4a25d"
            ],
            "tags": null,
            "tags_all": {},
            "taint": [],
            "timeouts": null,
            "update_config": [
              {
                "max_unavailable": 1,
                "max_unavailable_percentage": 0,
                "update_strategy": ""
              }
            ],
            "version": "1.34"
          },
          "sensitive_attributes": [],
          "identity_schema_version": 0,
          "private": "eyJlMmJmYjczMC1lY2FhLTExZTYtOGY4OC0zNDM2M2JjN2M0YzAiOnsiY3JlYXRlIjozNjAwMDAwMDAwMDAwLCJkZWxldGUiOjM2MDAwMDAwMDAwMDAsInVwZGF0ZSI6MzYwMDAwMDAwMDAwMH19",
          "dependencies": [
            "aws_eks_cluster.eks",
            "aws_iam_role.eks_cluster_role",
            "aws_iam_role.eks_node_role",
            "aws_iam_role_policy_attachment.ecr_readonly_policy",
            "aws_iam_role_policy_attachment.eks_cluster_policy",
            "aws_iam_role_policy_attachment.eks_cni_policy",
            "aws_iam_role_policy_attachment.eks_worker_node_policy",
            "aws_security_group.eks_cluster_sg",
            "aws_security_group.eks_node_sg"
          ]
        }
      ]
    },
    {
      "mode": "managed",
      "type": "aws_eks_node_group",
      "name": "db_nodes",
      "provider": "provider[\"registry.terraform.io/hashicorp/aws\"]",
      "instances": [
        {
          "schema_version": 0,
          "attributes": {
            "ami_type": "AL2023_x86_64_STANDARD",
            "arn": "arn:aws:eks:us-west-2:941948905001:nodegroup/ecommerce-cluster/ecommerce-db-nodes/40ceb362-2832-b63d-d42a-c0359df9fcda",
            "capacity_type": "ON_DEMAND",
            "cluster_name": "ecommerce-cluster",
            "disk_size": 20,
            "force_update_version": null,
            "id": "ecommerce-cluster:ecommerce-db-nodes",
            "instance_types": [
              "c7i-flex.large"
            ],
            "labels": {
              "environment": "production",
              "workload-type": "database"
            },
            "launch_template": [],
            "node_group_name": "ecommerce-db-nodes",
            "node_group_name_prefix": "",
            "node_repair_config": [],
            "node_role_arn": "arn:aws:iam::941948905001:role/eks-node-role",
            "region": "us-west-2",
            "release_version": "1.34.4-20260318",
            "remote_access": [
              {
                "ec2_ssh_key": "tata-key",
                "source_security_group_ids": [
                  "sg-0a83f0fbc0fa0269e"
                ]
              }
            ],
            "resources": [
              {
                "autoscaling_groups": [
                  {
                    "name": "eks-ecommerce-db-nodes-40ceb362-2832-b63d-d42a-c0359df9fcda"
                  }
                ],
                "remote_access_security_group_id": "sg-0affdf5363f7af7ab"
              }
            ],
            "scaling_config": [
              {
                "desired_size": 2,
                "max_size": 4,
                "min_size": 2
              }
            ],
            "status": "ACTIVE",
            "subnet_ids": [
              "subnet-0607c4649ed0a577a",
              "subnet-084e53ce4bea19402"
            ],
            "tags": null,
            "tags_all": {},
            "taint": [
              {
                "effect": "NO_SCHEDULE",
                "key": "dedicated",
                "value": "database"
              }
            ],
            "timeouts": null,
            "update_config": [
              {
                "max_unavailable": 1,
                "max_unavailable_percentage": 0,
                "update_strategy": ""
              }
            ],
            "version": "1.34"
          },
          "sensitive_attributes": [],
          "identity_schema_version": 0,
          "private": "eyJlMmJmYjczMC1lY2FhLTExZTYtOGY4OC0zNDM2M2JjN2M0YzAiOnsiY3JlYXRlIjozNjAwMDAwMDAwMDAwLCJkZWxldGUiOjM2MDAwMDAwMDAwMDAsInVwZGF0ZSI6MzYwMDAwMDAwMDAwMH19",
          "dependencies": [
            "aws_eks_cluster.eks",
            "aws_iam_role.eks_cluster_role",
            "aws_iam_role.eks_node_role",
            "aws_iam_role_policy_attachment.ecr_readonly_policy",
            "aws_iam_role_policy_attachment.eks_cluster_policy",
            "aws_iam_role_policy_attachment.eks_cni_policy",
            "aws_iam_role_policy_attachment.eks_worker_node_policy",
            "aws_security_group.eks_cluster_sg",
            "aws_security_group.eks_node_sg"
          ]
        }
      ]
    },
    {
      "mode": "managed",
      "type": "aws_iam_instance_profile",
      "name": "jenkins_profile",
      "provider": "provider[\"registry.terraform.io/hashicorp/aws\"]",
      "instances": [
        {
          "schema_version": 0,
          "attributes": {
            "arn": "arn:aws:iam::941948905001:instance-profile/jenkins-ec2-profile",
            "create_date": "2026-04-07T06:45:52Z",
            "id": "jenkins-ec2-profile",
            "name": "jenkins-ec2-profile",
            "name_prefix": "",
            "path": "/",
            "role": "jenkins-ec2-role",
            "tags": null,
            "tags_all": {},
            "unique_id": "AIPA5WUEHUYUYKT5PWK4U"
          },
          "sensitive_attributes": [],
          "identity_schema_version": 0,
          "private": "bnVsbA==",
          "dependencies": [
            "aws_iam_role.jenkins_role"
          ]
        }
      ]
    },
    {
      "mode": "managed",
      "type": "aws_iam_openid_connect_provider",
      "name": "eks",
      "provider": "provider[\"registry.terraform.io/hashicorp/aws\"]",
      "instances": [
        {
          "schema_version": 0,
          "attributes": {
            "arn": "arn:aws:iam::941948905001:oidc-provider/oidc.eks.us-west-2.amazonaws.com/id/D58AA815486D26D036A00EEF1F683080",
            "client_id_list": [
              "sts.amazonaws.com"
            ],
            "id": "arn:aws:iam::941948905001:oidc-provider/oidc.eks.us-west-2.amazonaws.com/id/D58AA815486D26D036A00EEF1F683080",
            "tags": null,
            "tags_all": {},
            "thumbprint_list": [
              "06b25927c42a721631c1efd9431e648fa62e1e39"
            ],
            "url": "oidc.eks.us-west-2.amazonaws.com/id/D58AA815486D26D036A00EEF1F683080"
          },
          "sensitive_attributes": [],
          "identity_schema_version": 0,
          "identity": {
            "arn": "arn:aws:iam::941948905001:oidc-provider/oidc.eks.us-west-2.amazonaws.com/id/D58AA815486D26D036A00EEF1F683080"
          },
          "private": "bnVsbA==",
          "dependencies": [
            "aws_eks_cluster.eks",
            "aws_iam_role.eks_cluster_role",
            "aws_iam_role_policy_attachment.eks_cluster_policy",
            "aws_security_group.eks_cluster_sg",
            "data.tls_certificate.eks"
          ]
        }
      ]
    },
    {
      "mode": "managed",
      "type": "aws_iam_role",
      "name": "ebs_csi_driver_role",
      "provider": "provider[\"registry.terraform.io/hashicorp/aws\"]",
      "instances": [
        {
          "schema_version": 0,
          "attributes": {
            "arn": "arn:aws:iam::941948905001:role/ecommerce-cluster-ebs-csi-driver-role",
            "assume_role_policy": "{\"Statement\":[{\"Action\":\"sts:AssumeRoleWithWebIdentity\",\"Condition\":{\"StringEquals\":{\"oidc.eks.us-west-2.amazonaws.com/id/D58AA815486D26D036A00EEF1F683080:aud\":\"sts.amazonaws.com\",\"oidc.eks.us-west-2.amazonaws.com/id/D58AA815486D26D036A00EEF1F683080:sub\":\"system:serviceaccount:kube-system:ebs-csi-controller-sa\"}},\"Effect\":\"Allow\",\"Principal\":{\"Federated\":\"arn:aws:iam::941948905001:oidc-provider/oidc.eks.us-west-2.amazonaws.com/id/D58AA815486D26D036A00EEF1F683080\"}}],\"Version\":\"2012-10-17\"}",
            "create_date": "2026-04-07T07:07:20Z",
            "description": "",
            "force_detach_policies": false,
            "id": "ecommerce-cluster-ebs-csi-driver-role",
            "inline_policy": [],
            "managed_policy_arns": [],
            "max_session_duration": 3600,
            "name": "ecommerce-cluster-ebs-csi-driver-role",
            "name_prefix": "",
            "path": "/",
            "permissions_boundary": "",
            "tags": null,
            "tags_all": {},
            "unique_id": "AROA5WUEHUYUQBX2VLQQ7"
          },
          "sensitive_attributes": [],
          "identity_schema_version": 0,
          "identity": {
            "account_id": "941948905001",
            "name": "ecommerce-cluster-ebs-csi-driver-role"
          },
          "private": "bnVsbA==",
          "dependencies": [
            "aws_eks_cluster.eks",
            "aws_iam_openid_connect_provider.eks",
            "aws_iam_role.eks_cluster_role",
            "aws_iam_role_policy_attachment.eks_cluster_policy",
            "aws_security_group.eks_cluster_sg",
            "data.tls_certificate.eks"
          ]
        }
      ]
    },
    {
      "mode": "managed",
      "type": "aws_iam_role",
      "name": "eks_cluster_role",
      "provider": "provider[\"registry.terraform.io/hashicorp/aws\"]",
      "instances": [
        {
          "schema_version": 0,
          "attributes": {
            "arn": "arn:aws:iam::941948905001:role/eks-cluster-role",
            "assume_role_policy": "{\"Statement\":[{\"Action\":\"sts:AssumeRole\",\"Effect\":\"Allow\",\"Principal\":{\"Service\":\"eks.amazonaws.com\"}}],\"Version\":\"2012-10-17\"}",
            "create_date": "2026-04-07T06:45:51Z",
            "description": "",
            "force_detach_policies": false,
            "id": "eks-cluster-role",
            "inline_policy": [],
            "managed_policy_arns": [],
            "max_session_duration": 3600,
            "name": "eks-cluster-role",
            "name_prefix": "",
            "path": "/",
            "permissions_boundary": "",
            "tags": null,
            "tags_all": {},
            "unique_id": "AROA5WUEHUYUQPX7HJE7M"
          },
          "sensitive_attributes": [],
          "identity_schema_version": 0,
          "identity": {
            "account_id": "941948905001",
            "name": "eks-cluster-role"
          },
          "private": "bnVsbA=="
        }
      ]
    },
    {
      "mode": "managed",
      "type": "aws_iam_role",
      "name": "eks_node_role",
      "provider": "provider[\"registry.terraform.io/hashicorp/aws\"]",
      "instances": [
        {
          "schema_version": 0,
          "attributes": {
            "arn": "arn:aws:iam::941948905001:role/eks-node-role",
            "assume_role_policy": "{\"Statement\":[{\"Action\":\"sts:AssumeRole\",\"Effect\":\"Allow\",\"Principal\":{\"Service\":\"ec2.amazonaws.com\"}}],\"Version\":\"2012-10-17\"}",
            "create_date": "2026-04-07T06:45:51Z",
            "description": "",
            "force_detach_policies": false,
            "id": "eks-node-role",
            "inline_policy": [],
            "managed_policy_arns": [],
            "max_session_duration": 3600,
            "name": "eks-node-role",
            "name_prefix": "",
            "path": "/",
            "permissions_boundary": "",
            "tags": null,
            "tags_all": {},
            "unique_id": "AROA5WUEHUYU4S4UMTVEA"
          },
          "sensitive_attributes": [],
          "identity_schema_version": 0,
          "identity": {
            "account_id": "941948905001",
            "name": "eks-node-role"
          },
          "private": "bnVsbA=="
        }
      ]
    },
    {
      "mode": "managed",
      "type": "aws_iam_role",
      "name": "jenkins_role",
      "provider": "provider[\"registry.terraform.io/hashicorp/aws\"]",
      "instances": [
        {
          "schema_version": 0,
          "attributes": {
            "arn": "arn:aws:iam::941948905001:role/jenkins-ec2-role",
            "assume_role_policy": "{\"Statement\":[{\"Action\":\"sts:AssumeRole\",\"Effect\":\"Allow\",\"Principal\":{\"Service\":\"ec2.amazonaws.com\"}}],\"Version\":\"2012-10-17\"}",
            "create_date": "2026-04-07T06:45:51Z",
            "description": "",
            "force_detach_policies": false,
            "id": "jenkins-ec2-role",
            "inline_policy": [],
            "managed_policy_arns": [],
            "max_session_duration": 3600,
            "name": "jenkins-ec2-role",
            "name_prefix": "",
            "path": "/",
            "permissions_boundary": "",
            "tags": {
              "Name": "jenkins-ec2-role"
            },
            "tags_all": {
              "Name": "jenkins-ec2-role"
            },
            "unique_id": "AROA5WUEHUYU63ILZTK6D"
          },
          "sensitive_attributes": [],
          "identity_schema_version": 0,
          "identity": {
            "account_id": "941948905001",
            "name": "jenkins-ec2-role"
          },
          "private": "bnVsbA=="
        }
      ]
    },
    {
      "mode": "managed",
      "type": "aws_iam_role_policy",
      "name": "jenkins_policy",
      "provider": "provider[\"registry.terraform.io/hashicorp/aws\"]",
      "instances": [
        {
          "schema_version": 0,
          "attributes": {
            "id": "jenkins-ec2-role:jenkins-policy",
            "name": "jenkins-policy",
            "name_prefix": "",
            "policy": "{\"Version\":\"2012-10-17\",\"Statement\":[{\"Action\":[\"eks:DescribeCluster\",\"eks:ListClusters\",\"eks:AccessKubernetesApi\"],\"Effect\":\"Allow\",\"Resource\":\"*\"}]}",
            "role": "jenkins-ec2-role"
          },
          "sensitive_attributes": [],
          "identity_schema_version": 0,
          "identity": {
            "account_id": "941948905001",
            "name": "jenkins-policy",
            "role": "jenkins-ec2-role"
          },
          "private": "bnVsbA==",
          "dependencies": [
            "aws_iam_role.jenkins_role"
          ]
        }
      ]
    },
    {
      "mode": "managed",
      "type": "aws_iam_role_policy_attachment",
      "name": "ebs_csi_driver_irsa_policy",
      "provider": "provider[\"registry.terraform.io/hashicorp/aws\"]",
      "instances": [
        {
          "schema_version": 0,
          "attributes": {
            "id": "ecommerce-cluster-ebs-csi-driver-role/arn:aws:iam::aws:policy/service-role/AmazonEBSCSIDriverPolicy",
            "policy_arn": "arn:aws:iam::aws:policy/service-role/AmazonEBSCSIDriverPolicy",
            "role": "ecommerce-cluster-ebs-csi-driver-role"
          },
          "sensitive_attributes": [],
          "identity_schema_version": 0,
          "identity": {
            "account_id": "941948905001",
            "policy_arn": "arn:aws:iam::aws:policy/service-role/AmazonEBSCSIDriverPolicy",
            "role": "ecommerce-cluster-ebs-csi-driver-role"
          },
          "private": "bnVsbA==",
          "dependencies": [
            "aws_eks_cluster.eks",
            "aws_iam_openid_connect_provider.eks",
            "aws_iam_role.ebs_csi_driver_role",
            "aws_iam_role.eks_cluster_role",
            "aws_iam_role_policy_attachment.eks_cluster_policy",
            "aws_security_group.eks_cluster_sg",
            "data.tls_certificate.eks"
          ]
        }
      ]
    },
    {
      "mode": "managed",
      "type": "aws_iam_role_policy_attachment",
      "name": "ecr_readonly_policy",
      "provider": "provider[\"registry.terraform.io/hashicorp/aws\"]",
      "instances": [
        {
          "schema_version": 0,
          "attributes": {
            "id": "eks-node-role/arn:aws:iam::aws:policy/AmazonEC2ContainerRegistryReadOnly",
            "policy_arn": "arn:aws:iam::aws:policy/AmazonEC2ContainerRegistryReadOnly",
            "role": "eks-node-role"
          },
          "sensitive_attributes": [],
          "identity_schema_version": 0,
          "identity": {
            "account_id": "941948905001",
            "policy_arn": "arn:aws:iam::aws:policy/AmazonEC2ContainerRegistryReadOnly",
            "role": "eks-node-role"
          },
          "private": "bnVsbA==",
          "dependencies": [
            "aws_iam_role.eks_node_role"
          ]
        }
      ]
    },
    {
      "mode": "managed",
      "type": "aws_iam_role_policy_attachment",
      "name": "eks_cluster_policy",
      "provider": "provider[\"registry.terraform.io/hashicorp/aws\"]",
      "instances": [
        {
          "schema_version": 0,
          "attributes": {
            "id": "eks-cluster-role/arn:aws:iam::aws:policy/AmazonEKSClusterPolicy",
            "policy_arn": "arn:aws:iam::aws:policy/AmazonEKSClusterPolicy",
            "role": "eks-cluster-role"
          },
          "sensitive_attributes": [],
          "identity_schema_version": 0,
          "identity": {
            "account_id": "941948905001",
            "policy_arn": "arn:aws:iam::aws:policy/AmazonEKSClusterPolicy",
            "role": "eks-cluster-role"
          },
          "private": "bnVsbA==",
          "dependencies": [
            "aws_iam_role.eks_cluster_role"
          ]
        }
      ]
    },
    {
      "mode": "managed",
      "type": "aws_iam_role_policy_attachment",
      "name": "eks_cni_policy",
      "provider": "provider[\"registry.terraform.io/hashicorp/aws\"]",
      "instances": [
        {
          "schema_version": 0,
          "attributes": {
            "id": "eks-node-role/arn:aws:iam::aws:policy/AmazonEKS_CNI_Policy",
            "policy_arn": "arn:aws:iam::aws:policy/AmazonEKS_CNI_Policy",
            "role": "eks-node-role"
          },
          "sensitive_attributes": [],
          "identity_schema_version": 0,
          "identity": {
            "account_id": "941948905001",
            "policy_arn": "arn:aws:iam::aws:policy/AmazonEKS_CNI_Policy",
            "role": "eks-node-role"
          },
          "private": "bnVsbA==",
          "dependencies": [
            "aws_iam_role.eks_node_role"
          ]
        }
      ]
    },
    {
      "mode": "managed",
      "type": "aws_iam_role_policy_attachment",
      "name": "eks_worker_node_policy",
      "provider": "provider[\"registry.terraform.io/hashicorp/aws\"]",
      "instances": [
        {
          "schema_version": 0,
          "attributes": {
            "id": "eks-node-role/arn:aws:iam::aws:policy/AmazonEKSWorkerNodePolicy",
            "policy_arn": "arn:aws:iam::aws:policy/AmazonEKSWorkerNodePolicy",
            "role": "eks-node-role"
          },
          "sensitive_attributes": [],
          "identity_schema_version": 0,
          "identity": {
            "account_id": "941948905001",
            "policy_arn": "arn:aws:iam::aws:policy/AmazonEKSWorkerNodePolicy",
            "role": "eks-node-role"
          },
          "private": "bnVsbA==",
          "dependencies": [
            "aws_iam_role.eks_node_role"
          ]
        }
      ]
    },
    {
      "mode": "managed",
      "type": "aws_instance",
      "name": "jenkins",
      "provider": "provider[\"registry.terraform.io/hashicorp/aws\"]",
      "instances": [
        {
          "schema_version": 2,
          "attributes": {
            "ami": "ami-0e9e60f4859f1220f",
            "arn": "arn:aws:ec2:us-west-2:941948905001:instance/i-0616ca4d1b3037e62",
            "associate_public_ip_address": true,
            "availability_zone": "us-west-2a",
            "capacity_reservation_specification": [
              {
                "capacity_reservation_preference": "open",
                "capacity_reservation_target": []
              }
            ],
            "cpu_options": [
              {
                "amd_sev_snp": "",
                "core_count": 1,
                "nested_virtualization": "",
                "threads_per_core": 2
              }
            ],
            "credit_specification": [],
            "disable_api_stop": false,
            "disable_api_termination": false,
            "ebs_block_device": [],
            "ebs_optimized": false,
            "enable_primary_ipv6": null,
            "enclave_options": [
              {
                "enabled": false
              }
            ],
            "ephemeral_block_device": [],
            "force_destroy": false,
            "get_password_data": false,
            "hibernation": false,
            "host_id": "",
            "host_resource_group_arn": null,
            "iam_instance_profile": "jenkins-ec2-profile",
            "id": "i-0616ca4d1b3037e62",
            "instance_initiated_shutdown_behavior": "stop",
            "instance_lifecycle": "",
            "instance_market_options": [],
            "instance_state": "running",
            "instance_type": "m7i-flex.large",
            "ipv6_address_count": 0,
            "ipv6_addresses": [],
            "key_name": "tata-key",
            "launch_template": [],
            "maintenance_options": [
              {
                "auto_recovery": "default"
              }
            ],
            "metadata_options": [
              {
                "http_endpoint": "enabled",
                "http_protocol_ipv6": "disabled",
                "http_put_response_hop_limit": 2,
                "http_tokens": "required",
                "instance_metadata_tags": "disabled"
              }
            ],
            "monitoring": false,
            "network_interface": [],
            "outpost_arn": "",
            "password_data": "",
            "placement_group": "",
            "placement_group_id": "",
            "placement_partition_number": 0,
            "primary_network_interface": [
              {
                "delete_on_termination": true,
                "network_interface_id": "eni-0572ed41185a623d2"
              }
            ],
            "primary_network_interface_id": "eni-0572ed41185a623d2",
            "private_dns": "ip-20-0-1-125.us-west-2.compute.internal",
            "private_dns_name_options": [
              {
                "enable_resource_name_dns_a_record": false,
                "enable_resource_name_dns_aaaa_record": false,
                "hostname_type": "ip-name"
              }
            ],
            "private_ip": "20.0.1.125",
            "public_dns": "",
            "public_ip": "52.88.150.244",
            "region": "us-west-2",
            "root_block_device": [
              {
                "delete_on_termination": false,
                "device_name": "/dev/xvda",
                "encrypted": true,
                "iops": 3000,
                "kms_key_id": "arn:aws:kms:us-west-2:941948905001:key/df6b3ed7-4971-48e2-b299-b01f18088c45",
                "tags": null,
                "tags_all": {},
                "throughput": 125,
                "volume_id": "vol-0f07a489076b18e03",
                "volume_size": 30,
                "volume_type": "gp3"
              }
            ],
            "secondary_network_interface": [],
            "secondary_private_ips": [],
            "security_groups": [],
            "source_dest_check": true,
            "spot_instance_request_id": "",
            "subnet_id": "subnet-05afe4a2c8fa465dd",
            "tags": {
              "Environment": "production",
              "Name": "jenkins-server",
              "Role": "jenkins"
            },
            "tags_all": {
              "Environment": "production",
              "Name": "jenkins-server",
              "Role": "jenkins"
            },
            "tenancy": "default",
            "timeouts": null,
            "user_data": "#!/bin/bash\n# User Data Script for Jenkins Server (Master + Build Agent)\n# Amazon Linux 2023\n# Installs: Jenkins, Docker, AWS CLI, kubectl, Node.js, Trivy, Sonar Scanner\n# Runs: SonarQube (Docker), Nexus (Docker) for CI/CD pipeline\n# Region: us-west-2\nexec \u003e \u003e(tee /var/log/user-data.log) 2\u003e\u00261\n\necho \"========== Starting Jenkins Setup ==========\"\ndate\n\n# Wait for network\nuntil ping -c1 8.8.8.8 \u0026\u003e/dev/null; do sleep 1; done\n\necho \"Updating system packages...\"\ndnf -y update\n\n# Install base dependencies\necho \"Installing base dependencies...\"\ndnf install -y wget unzip git fontconfig\n\ndnf install -y curl --allowerasing\n\n#===============================================================================\n# Install Java\n#===============================================================================\necho \"Installing Java...\"\ndnf install -y java-17-amazon-corretto-devel\n\necho \"export JAVA_HOME=/usr/lib/jvm/java-17-amazon-corretto\" \u003e\u003e /etc/profile\necho 'export PATH=$JAVA_HOME/bin:$PATH' \u003e\u003e /etc/profile\nsource /etc/profile\n\njava -version\n\n#===============================================================================\n# Install Jenkins (WAR file method - works on Amazon Linux 2023)\n#===============================================================================\necho \"Installing Jenkins via WAR file...\"\n\n# Create directories and user\nmkdir -p /opt /var/lib/jenkins\nuseradd --system --create-home --home-dir /var/lib/jenkins jenkins 2\u003e/dev/null || true\nusermod -aG wheel jenkins\n\n# Download Jenkins WAR (Latest Stable)\ncurl -L -o /opt/jenkins.war https://get.jenkins.io/war-stable/latest/jenkins.war\nchown jenkins:jenkins /opt/jenkins.war\nchmod 755 /opt/jenkins.war\n\n# Create systemd service\ncat \u003e /etc/systemd/system/jenkins.service \u003c\u003c 'EOF'\n[Unit]\nDescription=Jenkins Server\nAfter=network.target\n\n[Service]\nType=simple\nUser=jenkins\nEnvironment=\"JAVA_HOME=/usr/lib/jvm/java-17-amazon-corretto\"\nEnvironment=\"JENKINS_HOME=/var/lib/jenkins\"\nWorkingDirectory=/var/lib/jenkins\nExecStart=/usr/lib/jvm/java-17-amazon-corretto/bin/java -jar /opt/jenkins.war --httpPort=8080\nRestart=always\nRestartSec=10\n\n[Install]\nWantedBy=multi-user.target\nEOF\n\n# Set permissions\nchown -R jenkins:jenkins /var/lib/jenkins\n\n# Create admin user and disable setup wizard\nmkdir -p /var/lib/jenkins/init.groovy.d\n\ncat \u003e /var/lib/jenkins/init.groovy.d/disable-setup-wizard.groovy \u003c\u003c 'EOF'\nimport jenkins.model.*\nimport jenkins.install.*\ndef instance = Jenkins.getInstance()\ninstance.setInstallState(InstallState.INITIAL_SETUP_COMPLETED)\ninstance.save()\nEOF\n\ncat \u003e /var/lib/jenkins/init.groovy.d/create-admin-user.groovy \u003c\u003c 'EOF'\nimport jenkins.model.*\nimport hudson.security.*\ndef instance = Jenkins.getInstance()\ndef hudsonRealm = new HudsonPrivateSecurityRealm(false)\ninstance.setSecurityRealm(hudsonRealm)\ndef user = hudsonRealm.createAccount(\"admin\", \"admin123\")\nuser.save()\ndef strategy = new FullControlOnceLoggedInAuthorizationStrategy()\ninstance.setAuthorizationStrategy(strategy)\ninstance.save()\nEOF\n\nchown -R jenkins:jenkins /var/lib/jenkins\nchmod 755 /var/lib/jenkins/init.groovy.d/*.groovy\n\n# Start Jenkins\nsystemctl daemon-reload\nsystemctl enable jenkins\nsystemctl start jenkins\n\necho \"Jenkins installation complete\"\n\n#===============================================================================\n# Install Docker (Amazon Linux 2023 native package)\n#===============================================================================\n\necho \"Installing Docker...\"\n\ndnf install -y docker\n\n# Start \u0026 enable Docker\nsystemctl enable docker\nsystemctl start docker\n\n# Add jenkins to docker group\nusermod -aG docker jenkins\n\n#===============================================================================\n# Install Docker Compose V2 (plugin)\n#===============================================================================\necho \"Installing Docker Compose V2...\"\n\nmkdir -p /usr/libexec/docker/cli-plugins\n\ncurl -SL https://github.com/docker/compose/releases/download/v2.27.0/docker-compose-linux-x86_64 \\\n  -o /usr/libexec/docker/cli-plugins/docker-compose\n\nchmod +x /usr/libexec/docker/cli-plugins/docker-compose\n\n#===============================================================================\n# Install Docker Buildx (REQUIRED)\n#===============================================================================\necho \"Installing Docker Buildx...\"\n\ncurl -SL https://github.com/docker/buildx/releases/download/v0.17.1/buildx-v0.17.1.linux-amd64 \\\n  -o /usr/libexec/docker/cli-plugins/docker-buildx\n\nchmod +x /usr/libexec/docker/cli-plugins/docker-buildx\n\n#===============================================================================\n# Restart Docker\n#===============================================================================\nsystemctl restart docker\n\n#===============================================================================\n# Verify installations\n#===============================================================================\necho \"Docker version:\"\ndocker --version\n\necho \"Compose version:\"\ndocker compose version\n\necho \"Buildx version:\"\ndocker buildx version\n\n#===============================================================================\n# Install AWS CLI\n#===============================================================================\necho \"Installing AWS CLI...\"\ncurl \"https://awscli.amazonaws.com/awscli-exe-linux-x86_64.zip\" -o \"awscliv2.zip\"\nunzip awscliv2.zip\n./aws/install\nrm -rf aws awscliv2.zip\naws --version\n\n#===============================================================================\n# Install kubectl\n#===============================================================================\necho \"Installing kubectl...\"\ncurl -LO \"https://dl.k8s.io/release/$(curl -L -s https://dl.k8s.io/release/stable.txt)/bin/linux/amd64/kubectl\"\nchmod +x ./kubectl\nmv ./kubectl /usr/local/bin/kubectl\nkubectl version --client\n\n#===============================================================================\n# Install Node.js \u0026 npm\n#===============================================================================\necho \"Installing Node.js 18...\"\ncurl -fsSL https://rpm.nodesource.com/setup_18.x | bash -\ndnf install -y nodejs\nnode --version\nnpm --version\n\n#===============================================================================\n# Install Trivy\n#===============================================================================\necho \"Installing Trivy...\"\ncurl -sfL https://raw.githubusercontent.com/aquasecurity/trivy/main/contrib/install.sh | sh -s -- -b /usr/local/bin\nln -s /usr/local/bin/trivy /usr/bin/trivy\ntrivy version\n\n#===============================================================================\n# Install SonarQube Scanner\n#===============================================================================\necho \"Installing SonarQube Scanner...\"\nwget https://binaries.sonarsource.com/Distribution/sonar-scanner-cli/sonar-scanner-cli-5.0.1.3006-linux.zip\nunzip sonar-scanner-cli-5.0.1.3006-linux.zip -d /opt\nmv /opt/sonar-scanner-5.0.1.3006-linux /opt/sonar-scanner\nchmod -R 755 /opt/sonar-scanner\nchown -R jenkins:jenkins /opt/sonar-scanner\nln -s /opt/sonar-scanner/bin/sonar-scanner /usr/local/bin/sonar-scanner\nrm -f sonar-scanner-cli-5.0.1.3006-linux.zip\nsonar-scanner --version\n\n\n#===============================================================================\n# Start SonarQube (Docker)\n#===============================================================================\necho \"Starting SonarQube container...\"\ndocker run -d --name sonarqube \\\n  -p 9000:9000 \\\n  -e SONAR_WEB_JAVAOPTS=\"-Xmx512m -Xms128m\" \\\n  -v sonarqube_data:/opt/sonarqube/data \\\n  --restart unless-stopped \\\n  sonarqube:10.3-community\n\n# Wait for SonarQube to be ready\necho \"Waiting for SonarQube to start...\"\nsleep 60\n\n#===============================================================================\n# Start Nexus (Docker)\n#===============================================================================\necho \"Starting Nexus container...\"\ndocker run -d --name nexus \\\n  -p 8081:8081 \\\n  -e INSTALL4J_ADD_VM_PARAMS=\"-Xms512m -Xmx512m -XX:MaxDirectMemorySize=512m\" \\\n  -v nexus_data:/nexus-data \\\n  --restart unless-stopped \\\n  sonatype/nexus3:3.65.0\n\n# Wait for Nexus to be ready\necho \"Waiting for Nexus to start...\"\nsleep 60\n\n# Create Nexus blob store and repository for artifacts\necho \"Configuring Nexus...\"\nPUBLIC_IP=$(curl -s http://169.254.169.254/latest/meta-data/public-ipv4)\n\n# Wait for Nexus admin password file\ndocker exec nexus cat /nexus-data/admin.password 2\u003e/dev/null || echo \"changeme\"\n\n#===============================================================================\n# Final Output\n#===============================================================================\necho \"\"\necho \"========== Setup Complete ==========\"\necho \"Jenkins URL: http://$(curl -s http://169.254.169.254/latest/meta-data/public-ipv4):8080\"\necho \"Credentials: admin / admin123\"\necho \"\"\necho \"SonarQube URL: http://$(curl -s http://169.254.169.254/latest/meta-data/public-ipv4):9000\"\necho \"SonarQube Credentials: admin / admin\"\necho \"\"\necho \"Nexus URL: http://$(curl -s http://169.254.169.254/latest/meta-data/public-ipv4):8081\"\necho \"Nexus Admin Password: $(docker exec nexus cat /nexus-data/admin.password 2\u003e/dev/null || echo 'Check: docker exec nexus cat /nexus-data/admin.password')\"\necho \"\"\necho \"Installed Tools:\"\necho \"  - Jenkins (port 8080)\"\necho \"  - Docker \u0026 Docker Compose\"\necho \"  - AWS CLI\"\necho \"  - kubectl\"\necho \"  - Node.js \u0026 npm\"\necho \"  - Trivy\"\necho \"  - SonarQube Scanner\"\necho \"  - SonarQube Server (Docker, port 9000)\"\necho \"  - Nexus Server (Docker, port 8081)\"\necho \"\"\ndate\necho \"======================================\"",
            "user_data_base64": null,
            "user_data_replace_on_change": false,
            "volume_tags": null,
            "vpc_security_group_ids": [
              "sg-00ca9033cbc981fc3"
            ]
          },
          "sensitive_attributes": [],
          "identity_schema_version": 0,
          "identity": {
            "account_id": "941948905001",
            "id": "i-0616ca4d1b3037e62",
            "region": "us-west-2"
          },
          "private": "eyJlMmJmYjczMC1lY2FhLTExZTYtOGY4OC0zNDM2M2JjN2M0YzAiOnsiY3JlYXRlIjo2MDAwMDAwMDAwMDAsImRlbGV0ZSI6MTIwMDAwMDAwMDAwMCwicmVhZCI6OTAwMDAwMDAwMDAwLCJ1cGRhdGUiOjYwMDAwMDAwMDAwMH0sInNjaGVtYV92ZXJzaW9uIjoiMiJ9",
          "dependencies": [
            "aws_iam_instance_profile.jenkins_profile",
            "aws_iam_role.jenkins_role",
            "aws_security_group.jenkins_sg",
            "data.aws_ami.amazon_linux_2023"
          ]
        }
      ]
    },
    {
      "mode": "managed",
      "type": "aws_security_group",
      "name": "eks_cluster_sg",
      "provider": "provider[\"registry.terraform.io/hashicorp/aws\"]",
      "instances": [
        {
          "schema_version": 1,
          "attributes": {
            "arn": "arn:aws:ec2:us-west-2:941948905001:security-group/sg-09cfa347f6722286e",
            "description": "Security group for EKS cluster",
            "egress": [
              {
                "cidr_blocks": [
                  "0.0.0.0/0"
                ],
                "description": "",
                "from_port": 0,
                "ipv6_cidr_blocks": [],
                "prefix_list_ids": [],
                "protocol": "-1",
                "security_groups": [],
                "self": false,
                "to_port": 0
              }
            ],
            "id": "sg-09cfa347f6722286e",
            "ingress": [],
            "name": "eks-cluster-sg-20260407064550490900000001",
            "name_prefix": "eks-cluster-sg-",
            "owner_id": "941948905001",
            "region": "us-west-2",
            "revoke_rules_on_delete": false,
            "tags": {
              "Name": "eks-cluster-sg"
            },
            "tags_all": {
              "Name": "eks-cluster-sg"
            },
            "timeouts": null,
            "vpc_id": "vpc-06bec4472137da9cb"
          },
          "sensitive_attributes": [],
          "identity_schema_version": 0,
          "identity": {
            "account_id": "941948905001",
            "id": "sg-09cfa347f6722286e",
            "region": "us-west-2"
          },
          "private": "eyJlMmJmYjczMC1lY2FhLTExZTYtOGY4OC0zNDM2M2JjN2M0YzAiOnsiY3JlYXRlIjo2MDAwMDAwMDAwMDAsImRlbGV0ZSI6OTAwMDAwMDAwMDAwfSwic2NoZW1hX3ZlcnNpb24iOiIxIn0="
        }
      ]
    },
    {
      "mode": "managed",
      "type": "aws_security_group",
      "name": "eks_node_sg",
      "provider": "provider[\"registry.terraform.io/hashicorp/aws\"]",
      "instances": [
        {
          "schema_version": 1,
          "attributes": {
            "arn": "arn:aws:ec2:us-west-2:941948905001:security-group/sg-0a83f0fbc0fa0269e",
            "description": "Security group for EKS worker nodes",
            "egress": [
              {
                "cidr_blocks": [
                  "0.0.0.0/0"
                ],
                "description": "",
                "from_port": 0,
                "ipv6_cidr_blocks": [],
                "prefix_list_ids": [],
                "protocol": "-1",
                "security_groups": [],
                "self": false,
                "to_port": 0
              }
            ],
            "id": "sg-0a83f0fbc0fa0269e",
            "ingress": [
              {
                "cidr_blocks": [],
                "description": "Allow cluster API access",
                "from_port": 443,
                "ipv6_cidr_blocks": [],
                "prefix_list_ids": [],
                "protocol": "tcp",
                "security_groups": [
                  "sg-09cfa347f6722286e"
                ],
                "self": false,
                "to_port": 443
              },
              {
                "cidr_blocks": [],
                "description": "Allow inter-node communication",
                "from_port": 0,
                "ipv6_cidr_blocks": [],
                "prefix_list_ids": [],
                "protocol": "tcp",
                "security_groups": [],
                "self": true,
                "to_port": 65535
              },
              {
                "cidr_blocks": [],
                "description": "Allow kubelet access",
                "from_port": 1025,
                "ipv6_cidr_blocks": [],
                "prefix_list_ids": [],
                "protocol": "tcp",
                "security_groups": [
                  "sg-09cfa347f6722286e"
                ],
                "self": false,
                "to_port": 65535
              }
            ],
            "name": "eks-node-sg-20260407064557795000000003",
            "name_prefix": "eks-node-sg-",
            "owner_id": "941948905001",
            "region": "us-west-2",
            "revoke_rules_on_delete": false,
            "tags": {
              "Name": "eks-node-sg"
            },
            "tags_all": {
              "Name": "eks-node-sg"
            },
            "timeouts": null,
            "vpc_id": "vpc-06bec4472137da9cb"
          },
          "sensitive_attributes": [],
          "identity_schema_version": 0,
          "identity": {
            "account_id": "941948905001",
            "id": "sg-0a83f0fbc0fa0269e",
            "region": "us-west-2"
          },
          "private": "eyJlMmJmYjczMC1lY2FhLTExZTYtOGY4OC0zNDM2M2JjN2M0YzAiOnsiY3JlYXRlIjo2MDAwMDAwMDAwMDAsImRlbGV0ZSI6OTAwMDAwMDAwMDAwfSwic2NoZW1hX3ZlcnNpb24iOiIxIn0=",
          "dependencies": [
            "aws_security_group.eks_cluster_sg"
          ]
        }
      ]
    },
    {
      "mode": "managed",
      "type": "aws_security_group",
      "name": "jenkins_sg",
      "provider": "provider[\"registry.terraform.io/hashicorp/aws\"]",
      "instances": [
        {
          "schema_version": 1,
          "attributes": {
            "arn": "arn:aws:ec2:us-west-2:941948905001:security-group/sg-00ca9033cbc981fc3",
            "description": "Security group for Jenkins Server",
            "egress": [
              {
                "cidr_blocks": [
                  "0.0.0.0/0"
                ],
                "description": "Allow all outbound traffic",
                "from_port": 0,
                "ipv6_cidr_blocks": [],
                "prefix_list_ids": [],
                "protocol": "-1",
                "security_groups": [],
                "self": false,
                "to_port": 0
              }
            ],
            "id": "sg-00ca9033cbc981fc3",
            "ingress": [
              {
                "cidr_blocks": [
                  "0.0.0.0/0"
                ],
                "description": "Jenkins Web UI",
                "from_port": 8080,
                "ipv6_cidr_blocks": [],
                "prefix_list_ids": [],
                "protocol": "tcp",
                "security_groups": [],
                "self": false,
                "to_port": 8080
              },
              {
                "cidr_blocks": [
                  "0.0.0.0/0"
                ],
                "description": "Jenkins Web UI",
                "from_port": 8081,
                "ipv6_cidr_blocks": [],
                "prefix_list_ids": [],
                "protocol": "tcp",
                "security_groups": [],
                "self": false,
                "to_port": 8081
              },
              {
                "cidr_blocks": [
                  "0.0.0.0/0"
                ],
                "description": "Jenkins Web UI",
                "from_port": 9000,
                "ipv6_cidr_blocks": [],
                "prefix_list_ids": [],
                "protocol": "tcp",
                "security_groups": [],
                "self": false,
                "to_port": 9000
              },
              {
                "cidr_blocks": [
                  "49.47.216.217/32"
                ],
                "description": "SSH access",
                "from_port": 22,
                "ipv6_cidr_blocks": [],
                "prefix_list_ids": [],
                "protocol": "tcp",
                "security_groups": [],
                "self": false,
                "to_port": 22
              }
            ],
            "name": "jenkins-sg-20260407064550490900000002",
            "name_prefix": "jenkins-sg-",
            "owner_id": "941948905001",
            "region": "us-west-2",
            "revoke_rules_on_delete": false,
            "tags": {
              "Environment": "production",
              "Name": "jenkins-sg"
            },
            "tags_all": {
              "Environment": "production",
              "Name": "jenkins-sg"
            },
            "timeouts": null,
            "vpc_id": "vpc-06bec4472137da9cb"
          },
          "sensitive_attributes": [],
          "identity_schema_version": 0,
          "identity": {
            "account_id": "941948905001",
            "id": "sg-00ca9033cbc981fc3",
            "region": "us-west-2"
          },
          "private": "eyJlMmJmYjczMC1lY2FhLTExZTYtOGY4OC0zNDM2M2JjN2M0YzAiOnsiY3JlYXRlIjo2MDAwMDAwMDAwMDAsImRlbGV0ZSI6OTAwMDAwMDAwMDAwfSwic2NoZW1hX3ZlcnNpb24iOiIxIn0="
        }
      ]
    },
    {
      "mode": "managed",
      "type": "aws_security_group_rule",
      "name": "jenkins_to_eks",
      "provider": "provider[\"registry.terraform.io/hashicorp/aws\"]",
      "instances": [
        {
          "schema_version": 2,
          "attributes": {
            "cidr_blocks": null,
            "description": "Allow Jenkins to access EKS API",
            "from_port": 443,
            "id": "sgrule-3781972076",
            "ipv6_cidr_blocks": null,
            "prefix_list_ids": null,
            "protocol": "tcp",
            "region": "us-west-2",
            "security_group_id": "sg-09cfa347f6722286e",
            "security_group_rule_id": "sgr-0c2075933fb24acc1",
            "self": false,
            "source_security_group_id": "sg-00ca9033cbc981fc3",
            "timeouts": null,
            "to_port": 443,
            "type": "ingress"
          },
          "sensitive_attributes": [],
          "identity_schema_version": 0,
          "private": "eyJlMmJmYjczMC1lY2FhLTExZTYtOGY4OC0zNDM2M2JjN2M0YzAiOnsiY3JlYXRlIjozMDAwMDAwMDAwMDB9LCJzY2hlbWFfdmVyc2lvbiI6IjIifQ==",
          "dependencies": [
            "aws_security_group.eks_cluster_sg",
            "aws_security_group.jenkins_sg"
          ]
        }
      ]
    }
  ],
  "check_results": null
}
